// !$*UTF8*$!
{
	archiveVersion = 1;
	classes = {
	};
	objectVersion = 56;
	objects = {

/* Begin PBXBuildFile section */
		0334E8132C93518C00DA52F6 /* ImagePicker.swift in Sources */ = {isa = PBXBuildFile; fileRef = 0334E8122C93518C00DA52F6 /* ImagePicker.swift */; };
		033DA9BE2C99CA3300A71506 /* SearchBar.swift in Sources */ = {isa = PBXBuildFile; fileRef = 033DA9BD2C99CA3300A71506 /* SearchBar.swift */; };
		035FB6D22C9B2B150066AE41 /* PinService.swift in Sources */ = {isa = PBXBuildFile; fileRef = 035FB6D12C9B2B150066AE41 /* PinService.swift */; };
		035FB6D42C9B2C050066AE41 /* ImageUploadService.swift in Sources */ = {isa = PBXBuildFile; fileRef = 035FB6D32C9B2C050066AE41 /* ImageUploadService.swift */; };
		035FB6D62C9B2C740066AE41 /* NewsService.swift in Sources */ = {isa = PBXBuildFile; fileRef = 035FB6D52C9B2C740066AE41 /* NewsService.swift */; };
		0362DA452C9190F9008ED49A /* SignInView.swift in Sources */ = {isa = PBXBuildFile; fileRef = 0362DA442C9190F9008ED49A /* SignInView.swift */; };
		0362DA472C9192AB008ED49A /* SignInViewModel.swift in Sources */ = {isa = PBXBuildFile; fileRef = 0362DA462C9192AB008ED49A /* SignInViewModel.swift */; };
		0362DA492C9193E4008ED49A /* LoginCredentials.swift in Sources */ = {isa = PBXBuildFile; fileRef = 0362DA482C9193E4008ED49A /* LoginCredentials.swift */; };
		0362DA4B2C919DEF008ED49A /* SignUpView.swift in Sources */ = {isa = PBXBuildFile; fileRef = 0362DA4A2C919DEF008ED49A /* SignUpView.swift */; };
		0362DA4D2C919E90008ED49A /* SignUpViewModel.swift in Sources */ = {isa = PBXBuildFile; fileRef = 0362DA4C2C919E90008ED49A /* SignUpViewModel.swift */; };
		0362DA4F2C91A687008ED49A /* User.swift in Sources */ = {isa = PBXBuildFile; fileRef = 0362DA4E2C91A687008ED49A /* User.swift */; };
		0362DA542C91B1C1008ED49A /* SettingsRow.swift in Sources */ = {isa = PBXBuildFile; fileRef = 0362DA532C91B1C1008ED49A /* SettingsRow.swift */; };
		0379B7272C9C3F5300DBF916 /* Formatter.swift in Sources */ = {isa = PBXBuildFile; fileRef = 0379B7262C9C3F5300DBF916 /* Formatter.swift */; };
		0379B7292C9D92A600DBF916 /* AlertDetailsViewModel.swift in Sources */ = {isa = PBXBuildFile; fileRef = 0379B7282C9D92A600DBF916 /* AlertDetailsViewModel.swift */; };
		0390D2132C97D8A600901461 /* AlertView.swift in Sources */ = {isa = PBXBuildFile; fileRef = 0390D2122C97D8A600901461 /* AlertView.swift */; };
		0390D2152C97DD3300901461 /* AlertDetailsView.swift in Sources */ = {isa = PBXBuildFile; fileRef = 0390D2142C97DD3300901461 /* AlertDetailsView.swift */; };
		0390D2172C97E06000901461 /* AlertViewModel.swift in Sources */ = {isa = PBXBuildFile; fileRef = 0390D2162C97E06000901461 /* AlertViewModel.swift */; };
		03E2376B2C8C925D0095D755 /* FirebaseService.swift in Sources */ = {isa = PBXBuildFile; fileRef = 03E2376A2C8C925D0095D755 /* FirebaseService.swift */; };
		03E2376D2C8EB02E0095D755 /* GoogleService-Info.plist in Resources */ = {isa = PBXBuildFile; fileRef = 03E2376C2C8EB02E0095D755 /* GoogleService-Info.plist */; };
		03E237702C8EB1B60095D755 /* FirebaseAnalytics in Frameworks */ = {isa = PBXBuildFile; productRef = 03E2376F2C8EB1B60095D755 /* FirebaseAnalytics */; };
		03E237782C8F2C3F0095D755 /* FirebaseAuth in Frameworks */ = {isa = PBXBuildFile; productRef = 03E237772C8F2C3F0095D755 /* FirebaseAuth */; };
		03E2377A2C8F2C3F0095D755 /* FirebaseDatabase in Frameworks */ = {isa = PBXBuildFile; productRef = 03E237792C8F2C3F0095D755 /* FirebaseDatabase */; };
		03E2377C2C8F2C3F0095D755 /* FirebaseFirestore in Frameworks */ = {isa = PBXBuildFile; productRef = 03E2377B2C8F2C3F0095D755 /* FirebaseFirestore */; };
		03E2377E2C8F2C3F0095D755 /* FirebaseStorage in Frameworks */ = {isa = PBXBuildFile; productRef = 03E2377D2C8F2C3F0095D755 /* FirebaseStorage */; };
		0A125CDB2C99F7D700F70798 /* AuthManager.swift in Sources */ = {isa = PBXBuildFile; fileRef = 0A125CDA2C99F7D700F70798 /* AuthManager.swift */; };
		0A125CDD2C9AAA8900F70798 /* ActivityLogsViewModel.swift in Sources */ = {isa = PBXBuildFile; fileRef = 0A125CDC2C9AAA8900F70798 /* ActivityLogsViewModel.swift */; };
		0A125CE32C9AB3CC00F70798 /* ActivityLog.swift in Sources */ = {isa = PBXBuildFile; fileRef = 0A125CE22C9AB3CC00F70798 /* ActivityLog.swift */; };
		0A125CF62C9ACDCF00F70798 /* Localizable.strings in Resources */ = {isa = PBXBuildFile; fileRef = 0A125CF12C9ACDCF00F70798 /* Localizable.strings */; };
		0A125CF72C9ACDCF00F70798 /* Localizable.strings in Resources */ = {isa = PBXBuildFile; fileRef = 0A125CF42C9ACDCF00F70798 /* Localizable.strings */; };
		0A6FE70C2C999B330055B534 /* GIFImage.swift in Sources */ = {isa = PBXBuildFile; fileRef = 0A6FE70B2C999B330055B534 /* GIFImage.swift */; };
		0A6FE7142C99A7920055B534 /* GIF2.gif in Resources */ = {isa = PBXBuildFile; fileRef = 0A6FE7132C99A7920055B534 /* GIF2.gif */; };
		0A6FE7162C99ABCF0055B534 /* SplashScreenView.swift in Sources */ = {isa = PBXBuildFile; fileRef = 0A6FE7152C99ABCF0055B534 /* SplashScreenView.swift */; };
		0A6FE7182C99ABEC0055B534 /* GIF1.gif in Resources */ = {isa = PBXBuildFile; fileRef = 0A6FE7172C99ABEB0055B534 /* GIF1.gif */; };
		0A918D922C9CAFF000A4B746 /* NavigationBarAppearance.swift in Sources */ = {isa = PBXBuildFile; fileRef = 0A918D912C9CAFF000A4B746 /* NavigationBarAppearance.swift */; };
		0A918D982C9D965E00A4B746 /* LanguageSelectionView.swift in Sources */ = {isa = PBXBuildFile; fileRef = 0A918D972C9D965E00A4B746 /* LanguageSelectionView.swift */; };
		0ABCBEFC2C9421B2002F62EE /* ForgotPasswordView.swift in Sources */ = {isa = PBXBuildFile; fileRef = 0ABCBEFB2C9421B2002F62EE /* ForgotPasswordView.swift */; };
		0ABCBEFE2C9428E5002F62EE /* AccountViewModel.swift in Sources */ = {isa = PBXBuildFile; fileRef = 0ABCBEFD2C9428E5002F62EE /* AccountViewModel.swift */; };
		B81FB92F2C9C0E5000DB90C1 /* AccountNotLoginView.swift in Sources */ = {isa = PBXBuildFile; fileRef = B81FB92E2C9C0E5000DB90C1 /* AccountNotLoginView.swift */; };
		B81FB9312C9C0E5700DB90C1 /* AccountView.swift in Sources */ = {isa = PBXBuildFile; fileRef = B81FB9302C9C0E5700DB90C1 /* AccountView.swift */; };
		B81FB9332C9C0E5C00DB90C1 /* ActivityLogsView.swift in Sources */ = {isa = PBXBuildFile; fileRef = B81FB9322C9C0E5C00DB90C1 /* ActivityLogsView.swift */; };
		B81FB9352C9C0E6200DB90C1 /* EditProfileView.swift in Sources */ = {isa = PBXBuildFile; fileRef = B81FB9342C9C0E6200DB90C1 /* EditProfileView.swift */; };
		B81FB9372C9C0E6700DB90C1 /* HelpView.swift in Sources */ = {isa = PBXBuildFile; fileRef = B81FB9362C9C0E6700DB90C1 /* HelpView.swift */; };
		B81FB9392C9C0E6C00DB90C1 /* ManageAccountView.swift in Sources */ = {isa = PBXBuildFile; fileRef = B81FB9382C9C0E6C00DB90C1 /* ManageAccountView.swift */; };
		B81FB93B2C9C0E7100DB90C1 /* NotificationsView.swift in Sources */ = {isa = PBXBuildFile; fileRef = B81FB93A2C9C0E7100DB90C1 /* NotificationsView.swift */; };
		B81FB93D2C9C0E7600DB90C1 /* PrivacyPolicyView.swift in Sources */ = {isa = PBXBuildFile; fileRef = B81FB93C2C9C0E7600DB90C1 /* PrivacyPolicyView.swift */; };
		B81FB93F2C9C0E7A00DB90C1 /* PrivacyView.swift in Sources */ = {isa = PBXBuildFile; fileRef = B81FB93E2C9C0E7A00DB90C1 /* PrivacyView.swift */; };
		B81FB9412C9C0E7E00DB90C1 /* ReportABugView.swift in Sources */ = {isa = PBXBuildFile; fileRef = B81FB9402C9C0E7E00DB90C1 /* ReportABugView.swift */; };
		B81FB9432C9C0E8300DB90C1 /* TermsOfServiceView.swift in Sources */ = {isa = PBXBuildFile; fileRef = B81FB9422C9C0E8300DB90C1 /* TermsOfServiceView.swift */; };
		B82E84B82C9EC72B0048530D /* AdminPanelView.swift in Sources */ = {isa = PBXBuildFile; fileRef = B82E84B52C9EC72B0048530D /* AdminPanelView.swift */; };
		B82E84B92C9EC72B0048530D /* PendingPinView.swift in Sources */ = {isa = PBXBuildFile; fileRef = B82E84B62C9EC72B0048530D /* PendingPinView.swift */; };
		B82E84BA2C9EC72B0048530D /* PinManagementView.swift in Sources */ = {isa = PBXBuildFile; fileRef = B82E84B72C9EC72B0048530D /* PinManagementView.swift */; };
		B830F06F2C942E4A008931E0 /* TabButtonView.swift in Sources */ = {isa = PBXBuildFile; fileRef = B830F06E2C942E4A008931E0 /* TabButtonView.swift */; };
		B832439B2C958C8200064A77 /* TabView.swift in Sources */ = {isa = PBXBuildFile; fileRef = B832439A2C958C8200064A77 /* TabView.swift */; };
		B849870B2C94741400DEB0CF /* RoundCornerViewModel.swift in Sources */ = {isa = PBXBuildFile; fileRef = B849870A2C94741400DEB0CF /* RoundCornerViewModel.swift */; };
		B8675E182C95810500B649B3 /* MapViewRepresentable.swift in Sources */ = {isa = PBXBuildFile; fileRef = B8675E172C95810500B649B3 /* MapViewRepresentable.swift */; };
		B8675E1A2C95863700B649B3 /* ProgressViewModel.swift in Sources */ = {isa = PBXBuildFile; fileRef = B8675E192C95863700B649B3 /* ProgressViewModel.swift */; };
		B875DF572C96D992004CED7E /* LocationManager.swift in Sources */ = {isa = PBXBuildFile; fileRef = B875DF562C96D992004CED7E /* LocationManager.swift */; };
		B875DF592C97C145004CED7E /* RoutingView.swift in Sources */ = {isa = PBXBuildFile; fileRef = B875DF582C97C145004CED7E /* RoutingView.swift */; };
		B875DF5B2C97CADF004CED7E /* DestinationView.swift in Sources */ = {isa = PBXBuildFile; fileRef = B875DF5A2C97CADF004CED7E /* DestinationView.swift */; };
		B88A54812C9533FE002AE8DF /* WelcomeView.swift in Sources */ = {isa = PBXBuildFile; fileRef = B88A54802C9533FE002AE8DF /* WelcomeView.swift */; };
		B88A54832C9536D0002AE8DF /* PageViewModel.swift in Sources */ = {isa = PBXBuildFile; fileRef = B88A54822C9536D0002AE8DF /* PageViewModel.swift */; };
		B88A61432C9843C900E7D09B /* GeocodingService.swift in Sources */ = {isa = PBXBuildFile; fileRef = B88A61422C9843C900E7D09B /* GeocodingService.swift */; };
		B8ACE6822C9B3E05003932F3 /* UserService.swift in Sources */ = {isa = PBXBuildFile; fileRef = B8ACE6812C9B3E05003932F3 /* UserService.swift */; };
		B8E66F222C84C77D0033A939 /* RoadifyApp.swift in Sources */ = {isa = PBXBuildFile; fileRef = B8E66F212C84C77D0033A939 /* RoadifyApp.swift */; };
		B8E66F262C84C77E0033A939 /* Assets.xcassets in Resources */ = {isa = PBXBuildFile; fileRef = B8E66F252C84C77E0033A939 /* Assets.xcassets */; };
		B8E66F292C84C77E0033A939 /* Preview Assets.xcassets in Resources */ = {isa = PBXBuildFile; fileRef = B8E66F282C84C77E0033A939 /* Preview Assets.xcassets */; };
		E926EA512C9C3CEC006F4C69 /* PendingPinViewModel.swift in Sources */ = {isa = PBXBuildFile; fileRef = E926EA502C9C3CE9006F4C69 /* PendingPinViewModel.swift */; };
		E926EA532C9C3DC2006F4C69 /* PinManagementViewModel.swift in Sources */ = {isa = PBXBuildFile; fileRef = E926EA522C9C3DC0006F4C69 /* PinManagementViewModel.swift */; };
		E99257502C9579DF00A44500 /* News.swift in Sources */ = {isa = PBXBuildFile; fileRef = E992574F2C9579DF00A44500 /* News.swift */; };
		E99257522C957A1300A44500 /* NewsView.swift in Sources */ = {isa = PBXBuildFile; fileRef = E99257512C957A1300A44500 /* NewsView.swift */; };
		E99257542C957A3C00A44500 /* DetailNewsView.swift in Sources */ = {isa = PBXBuildFile; fileRef = E99257532C957A3C00A44500 /* DetailNewsView.swift */; };
		E99257582C958C3000A44500 /* AddNewsFormView.swift in Sources */ = {isa = PBXBuildFile; fileRef = E99257572C958C3000A44500 /* AddNewsFormView.swift */; };
		E992575A2C98617600A44500 /* DetailPinView.swift in Sources */ = {isa = PBXBuildFile; fileRef = E99257592C98617500A44500 /* DetailPinView.swift */; };
		E9B8AE172C93256A0037450A /* Pin.swift in Sources */ = {isa = PBXBuildFile; fileRef = E9B8AE162C93256A0037450A /* Pin.swift */; };
		E9B8AE192C9325990037450A /* MapView.swift in Sources */ = {isa = PBXBuildFile; fileRef = E9B8AE182C9325990037450A /* MapView.swift */; };
		E9B8AE1B2C932A510037450A /* PinFormView.swift in Sources */ = {isa = PBXBuildFile; fileRef = E9B8AE1A2C932A510037450A /* PinFormView.swift */; };
		E9B8AE1F2C9340F50037450A /* FirebaseAuth in Frameworks */ = {isa = PBXBuildFile; productRef = E9B8AE1E2C9340F50037450A /* FirebaseAuth */; };
		E9B8AE212C9340F50037450A /* FirebaseDatabase in Frameworks */ = {isa = PBXBuildFile; productRef = E9B8AE202C9340F50037450A /* FirebaseDatabase */; };
		E9B8AE232C9340F50037450A /* FirebaseFirestore in Frameworks */ = {isa = PBXBuildFile; productRef = E9B8AE222C9340F50037450A /* FirebaseFirestore */; };
		E9B8AE252C9340F50037450A /* FirebaseStorage in Frameworks */ = {isa = PBXBuildFile; productRef = E9B8AE242C9340F50037450A /* FirebaseStorage */; };
		E9F1C2EE2C99636F009ACA55 /* ImagePickerViewModel.swift in Sources */ = {isa = PBXBuildFile; fileRef = E9F1C2ED2C996363009ACA55 /* ImagePickerViewModel.swift */; };
		E9F1C2F22C996DD7009ACA55 /* ImagePickerView.swift in Sources */ = {isa = PBXBuildFile; fileRef = E9F1C2F12C996DCF009ACA55 /* ImagePickerView.swift */; };
/* End PBXBuildFile section */

/* Begin PBXFileReference section */
		0334E8122C93518C00DA52F6 /* ImagePicker.swift */ = {isa = PBXFileReference; lastKnownFileType = sourcecode.swift; path = ImagePicker.swift; sourceTree = "<group>"; };
		033DA9BD2C99CA3300A71506 /* SearchBar.swift */ = {isa = PBXFileReference; lastKnownFileType = sourcecode.swift; path = SearchBar.swift; sourceTree = "<group>"; };
		035FB6D12C9B2B150066AE41 /* PinService.swift */ = {isa = PBXFileReference; lastKnownFileType = sourcecode.swift; path = PinService.swift; sourceTree = "<group>"; };
		035FB6D32C9B2C050066AE41 /* ImageUploadService.swift */ = {isa = PBXFileReference; lastKnownFileType = sourcecode.swift; path = ImageUploadService.swift; sourceTree = "<group>"; };
		035FB6D52C9B2C740066AE41 /* NewsService.swift */ = {isa = PBXFileReference; lastKnownFileType = sourcecode.swift; path = NewsService.swift; sourceTree = "<group>"; };
		0362DA442C9190F9008ED49A /* SignInView.swift */ = {isa = PBXFileReference; lastKnownFileType = sourcecode.swift; path = SignInView.swift; sourceTree = "<group>"; };
		0362DA462C9192AB008ED49A /* SignInViewModel.swift */ = {isa = PBXFileReference; lastKnownFileType = sourcecode.swift; path = SignInViewModel.swift; sourceTree = "<group>"; };
		0362DA482C9193E4008ED49A /* LoginCredentials.swift */ = {isa = PBXFileReference; lastKnownFileType = sourcecode.swift; path = LoginCredentials.swift; sourceTree = "<group>"; };
		0362DA4A2C919DEF008ED49A /* SignUpView.swift */ = {isa = PBXFileReference; lastKnownFileType = sourcecode.swift; path = SignUpView.swift; sourceTree = "<group>"; };
		0362DA4C2C919E90008ED49A /* SignUpViewModel.swift */ = {isa = PBXFileReference; lastKnownFileType = sourcecode.swift; path = SignUpViewModel.swift; sourceTree = "<group>"; };
		0362DA4E2C91A687008ED49A /* User.swift */ = {isa = PBXFileReference; lastKnownFileType = sourcecode.swift; path = User.swift; sourceTree = "<group>"; };
		0362DA532C91B1C1008ED49A /* SettingsRow.swift */ = {isa = PBXFileReference; lastKnownFileType = sourcecode.swift; path = SettingsRow.swift; sourceTree = "<group>"; };
		0379B7262C9C3F5300DBF916 /* Formatter.swift */ = {isa = PBXFileReference; lastKnownFileType = sourcecode.swift; path = Formatter.swift; sourceTree = "<group>"; };
		0379B7282C9D92A600DBF916 /* AlertDetailsViewModel.swift */ = {isa = PBXFileReference; lastKnownFileType = sourcecode.swift; path = AlertDetailsViewModel.swift; sourceTree = "<group>"; };
		0390D2122C97D8A600901461 /* AlertView.swift */ = {isa = PBXFileReference; lastKnownFileType = sourcecode.swift; name = AlertView.swift; path = Roadify/Utils/UI/AlertView.swift; sourceTree = SOURCE_ROOT; };
		0390D2142C97DD3300901461 /* AlertDetailsView.swift */ = {isa = PBXFileReference; lastKnownFileType = sourcecode.swift; name = AlertDetailsView.swift; path = Roadify/Utils/UI/AlertDetailsView.swift; sourceTree = SOURCE_ROOT; };
		0390D2162C97E06000901461 /* AlertViewModel.swift */ = {isa = PBXFileReference; lastKnownFileType = sourcecode.swift; path = AlertViewModel.swift; sourceTree = "<group>"; };
		03E2376A2C8C925D0095D755 /* FirebaseService.swift */ = {isa = PBXFileReference; lastKnownFileType = sourcecode.swift; path = FirebaseService.swift; sourceTree = "<group>"; };
		03E2376C2C8EB02E0095D755 /* GoogleService-Info.plist */ = {isa = PBXFileReference; fileEncoding = 4; lastKnownFileType = text.plist.xml; path = "GoogleService-Info.plist"; sourceTree = "<group>"; };
		0A125CDA2C99F7D700F70798 /* AuthManager.swift */ = {isa = PBXFileReference; lastKnownFileType = sourcecode.swift; path = AuthManager.swift; sourceTree = "<group>"; };
		0A125CDC2C9AAA8900F70798 /* ActivityLogsViewModel.swift */ = {isa = PBXFileReference; lastKnownFileType = sourcecode.swift; path = ActivityLogsViewModel.swift; sourceTree = "<group>"; };
		0A125CE22C9AB3CC00F70798 /* ActivityLog.swift */ = {isa = PBXFileReference; lastKnownFileType = sourcecode.swift; path = ActivityLog.swift; sourceTree = "<group>"; };
		0A125CF02C9ACDCF00F70798 /* en */ = {isa = PBXFileReference; lastKnownFileType = text.plist.strings; name = en; path = Localizable.strings; sourceTree = "<group>"; };
		0A125CF32C9ACDCF00F70798 /* vi */ = {isa = PBXFileReference; lastKnownFileType = text.plist.strings; name = vi; path = Localizable.strings; sourceTree = "<group>"; };
		0A6FE70B2C999B330055B534 /* GIFImage.swift */ = {isa = PBXFileReference; lastKnownFileType = sourcecode.swift; path = GIFImage.swift; sourceTree = "<group>"; };
		0A6FE7132C99A7920055B534 /* GIF2.gif */ = {isa = PBXFileReference; lastKnownFileType = image.gif; path = GIF2.gif; sourceTree = "<group>"; };
		0A6FE7152C99ABCF0055B534 /* SplashScreenView.swift */ = {isa = PBXFileReference; lastKnownFileType = sourcecode.swift; path = SplashScreenView.swift; sourceTree = "<group>"; };
		0A6FE7172C99ABEB0055B534 /* GIF1.gif */ = {isa = PBXFileReference; lastKnownFileType = image.gif; path = GIF1.gif; sourceTree = "<group>"; };
		0A918D912C9CAFF000A4B746 /* NavigationBarAppearance.swift */ = {isa = PBXFileReference; lastKnownFileType = sourcecode.swift; path = NavigationBarAppearance.swift; sourceTree = "<group>"; };
		0A918D972C9D965E00A4B746 /* LanguageSelectionView.swift */ = {isa = PBXFileReference; lastKnownFileType = sourcecode.swift; path = LanguageSelectionView.swift; sourceTree = "<group>"; };
		0ABCBEFB2C9421B2002F62EE /* ForgotPasswordView.swift */ = {isa = PBXFileReference; lastKnownFileType = sourcecode.swift; path = ForgotPasswordView.swift; sourceTree = "<group>"; };
		0ABCBEFD2C9428E5002F62EE /* AccountViewModel.swift */ = {isa = PBXFileReference; lastKnownFileType = sourcecode.swift; path = AccountViewModel.swift; sourceTree = "<group>"; };
		B81FB92E2C9C0E5000DB90C1 /* AccountNotLoginView.swift */ = {isa = PBXFileReference; lastKnownFileType = sourcecode.swift; path = AccountNotLoginView.swift; sourceTree = "<group>"; };
		B81FB9302C9C0E5700DB90C1 /* AccountView.swift */ = {isa = PBXFileReference; lastKnownFileType = sourcecode.swift; path = AccountView.swift; sourceTree = "<group>"; };
		B81FB9322C9C0E5C00DB90C1 /* ActivityLogsView.swift */ = {isa = PBXFileReference; lastKnownFileType = sourcecode.swift; path = ActivityLogsView.swift; sourceTree = "<group>"; };
		B81FB9342C9C0E6200DB90C1 /* EditProfileView.swift */ = {isa = PBXFileReference; lastKnownFileType = sourcecode.swift; path = EditProfileView.swift; sourceTree = "<group>"; };
		B81FB9362C9C0E6700DB90C1 /* HelpView.swift */ = {isa = PBXFileReference; lastKnownFileType = sourcecode.swift; path = HelpView.swift; sourceTree = "<group>"; };
		B81FB9382C9C0E6C00DB90C1 /* ManageAccountView.swift */ = {isa = PBXFileReference; lastKnownFileType = sourcecode.swift; path = ManageAccountView.swift; sourceTree = "<group>"; };
		B81FB93A2C9C0E7100DB90C1 /* NotificationsView.swift */ = {isa = PBXFileReference; lastKnownFileType = sourcecode.swift; path = NotificationsView.swift; sourceTree = "<group>"; };
		B81FB93C2C9C0E7600DB90C1 /* PrivacyPolicyView.swift */ = {isa = PBXFileReference; lastKnownFileType = sourcecode.swift; path = PrivacyPolicyView.swift; sourceTree = "<group>"; };
		B81FB93E2C9C0E7A00DB90C1 /* PrivacyView.swift */ = {isa = PBXFileReference; lastKnownFileType = sourcecode.swift; path = PrivacyView.swift; sourceTree = "<group>"; };
		B81FB9402C9C0E7E00DB90C1 /* ReportABugView.swift */ = {isa = PBXFileReference; lastKnownFileType = sourcecode.swift; path = ReportABugView.swift; sourceTree = "<group>"; };
		B81FB9422C9C0E8300DB90C1 /* TermsOfServiceView.swift */ = {isa = PBXFileReference; lastKnownFileType = sourcecode.swift; path = TermsOfServiceView.swift; sourceTree = "<group>"; };
		B82E84B52C9EC72B0048530D /* AdminPanelView.swift */ = {isa = PBXFileReference; lastKnownFileType = sourcecode.swift; path = AdminPanelView.swift; sourceTree = "<group>"; };
		B82E84B62C9EC72B0048530D /* PendingPinView.swift */ = {isa = PBXFileReference; lastKnownFileType = sourcecode.swift; path = PendingPinView.swift; sourceTree = "<group>"; };
		B82E84B72C9EC72B0048530D /* PinManagementView.swift */ = {isa = PBXFileReference; lastKnownFileType = sourcecode.swift; path = PinManagementView.swift; sourceTree = "<group>"; };
		B830F06E2C942E4A008931E0 /* TabButtonView.swift */ = {isa = PBXFileReference; lastKnownFileType = sourcecode.swift; name = TabButtonView.swift; path = Roadify/Views/TabButtonView.swift; sourceTree = SOURCE_ROOT; };
		B832439A2C958C8200064A77 /* TabView.swift */ = {isa = PBXFileReference; fileEncoding = 4; lastKnownFileType = sourcecode.swift; path = TabView.swift; sourceTree = "<group>"; };
		B849870A2C94741400DEB0CF /* RoundCornerViewModel.swift */ = {isa = PBXFileReference; lastKnownFileType = sourcecode.swift; path = RoundCornerViewModel.swift; sourceTree = "<group>"; };
		B8675E172C95810500B649B3 /* MapViewRepresentable.swift */ = {isa = PBXFileReference; lastKnownFileType = sourcecode.swift; path = MapViewRepresentable.swift; sourceTree = "<group>"; };
		B8675E192C95863700B649B3 /* ProgressViewModel.swift */ = {isa = PBXFileReference; lastKnownFileType = sourcecode.swift; path = ProgressViewModel.swift; sourceTree = "<group>"; };
		B875DF562C96D992004CED7E /* LocationManager.swift */ = {isa = PBXFileReference; lastKnownFileType = sourcecode.swift; path = LocationManager.swift; sourceTree = "<group>"; };
		B875DF582C97C145004CED7E /* RoutingView.swift */ = {isa = PBXFileReference; lastKnownFileType = sourcecode.swift; path = RoutingView.swift; sourceTree = "<group>"; };
		B875DF5A2C97CADF004CED7E /* DestinationView.swift */ = {isa = PBXFileReference; lastKnownFileType = sourcecode.swift; path = DestinationView.swift; sourceTree = "<group>"; };
		B88A54802C9533FE002AE8DF /* WelcomeView.swift */ = {isa = PBXFileReference; lastKnownFileType = sourcecode.swift; path = WelcomeView.swift; sourceTree = "<group>"; };
		B88A54822C9536D0002AE8DF /* PageViewModel.swift */ = {isa = PBXFileReference; lastKnownFileType = sourcecode.swift; path = PageViewModel.swift; sourceTree = "<group>"; };
		B88A61422C9843C900E7D09B /* GeocodingService.swift */ = {isa = PBXFileReference; lastKnownFileType = sourcecode.swift; path = GeocodingService.swift; sourceTree = "<group>"; };
		B8ACE6812C9B3E05003932F3 /* UserService.swift */ = {isa = PBXFileReference; lastKnownFileType = sourcecode.swift; path = UserService.swift; sourceTree = "<group>"; };
		B8E66F1E2C84C77D0033A939 /* Roadify.app */ = {isa = PBXFileReference; explicitFileType = wrapper.application; includeInIndex = 0; path = Roadify.app; sourceTree = BUILT_PRODUCTS_DIR; };
		B8E66F212C84C77D0033A939 /* RoadifyApp.swift */ = {isa = PBXFileReference; lastKnownFileType = sourcecode.swift; path = RoadifyApp.swift; sourceTree = "<group>"; };
		B8E66F252C84C77E0033A939 /* Assets.xcassets */ = {isa = PBXFileReference; lastKnownFileType = folder.assetcatalog; path = Assets.xcassets; sourceTree = "<group>"; };
		B8E66F282C84C77E0033A939 /* Preview Assets.xcassets */ = {isa = PBXFileReference; lastKnownFileType = folder.assetcatalog; path = "Preview Assets.xcassets"; sourceTree = "<group>"; };
		E926EA502C9C3CE9006F4C69 /* PendingPinViewModel.swift */ = {isa = PBXFileReference; lastKnownFileType = sourcecode.swift; path = PendingPinViewModel.swift; sourceTree = "<group>"; };
		E926EA522C9C3DC0006F4C69 /* PinManagementViewModel.swift */ = {isa = PBXFileReference; lastKnownFileType = sourcecode.swift; path = PinManagementViewModel.swift; sourceTree = "<group>"; };
		E992574F2C9579DF00A44500 /* News.swift */ = {isa = PBXFileReference; lastKnownFileType = sourcecode.swift; path = News.swift; sourceTree = "<group>"; };
		E99257512C957A1300A44500 /* NewsView.swift */ = {isa = PBXFileReference; lastKnownFileType = sourcecode.swift; path = NewsView.swift; sourceTree = "<group>"; };
		E99257532C957A3C00A44500 /* DetailNewsView.swift */ = {isa = PBXFileReference; lastKnownFileType = sourcecode.swift; path = DetailNewsView.swift; sourceTree = "<group>"; };
		E99257572C958C3000A44500 /* AddNewsFormView.swift */ = {isa = PBXFileReference; lastKnownFileType = sourcecode.swift; path = AddNewsFormView.swift; sourceTree = "<group>"; };
		E99257592C98617500A44500 /* DetailPinView.swift */ = {isa = PBXFileReference; lastKnownFileType = sourcecode.swift; path = DetailPinView.swift; sourceTree = "<group>"; };
		E9B8AE162C93256A0037450A /* Pin.swift */ = {isa = PBXFileReference; lastKnownFileType = sourcecode.swift; path = Pin.swift; sourceTree = "<group>"; };
		E9B8AE182C9325990037450A /* MapView.swift */ = {isa = PBXFileReference; lastKnownFileType = sourcecode.swift; path = MapView.swift; sourceTree = "<group>"; };
		E9B8AE1A2C932A510037450A /* PinFormView.swift */ = {isa = PBXFileReference; lastKnownFileType = sourcecode.swift; path = PinFormView.swift; sourceTree = "<group>"; };
		E9F1C2ED2C996363009ACA55 /* ImagePickerViewModel.swift */ = {isa = PBXFileReference; lastKnownFileType = sourcecode.swift; path = ImagePickerViewModel.swift; sourceTree = "<group>"; };
		E9F1C2F12C996DCF009ACA55 /* ImagePickerView.swift */ = {isa = PBXFileReference; lastKnownFileType = sourcecode.swift; path = ImagePickerView.swift; sourceTree = "<group>"; };
/* End PBXFileReference section */

/* Begin PBXFrameworksBuildPhase section */
		B8E66F1B2C84C77D0033A939 /* Frameworks */ = {
			isa = PBXFrameworksBuildPhase;
			buildActionMask = 2147483647;
			files = (
				E9B8AE212C9340F50037450A /* FirebaseDatabase in Frameworks */,
				E9B8AE232C9340F50037450A /* FirebaseFirestore in Frameworks */,
				03E2377A2C8F2C3F0095D755 /* FirebaseDatabase in Frameworks */,
				03E2377C2C8F2C3F0095D755 /* FirebaseFirestore in Frameworks */,
				03E237702C8EB1B60095D755 /* FirebaseAnalytics in Frameworks */,
				E9B8AE252C9340F50037450A /* FirebaseStorage in Frameworks */,
				E9B8AE1F2C9340F50037450A /* FirebaseAuth in Frameworks */,
				03E2377E2C8F2C3F0095D755 /* FirebaseStorage in Frameworks */,
				03E237782C8F2C3F0095D755 /* FirebaseAuth in Frameworks */,
			);
			runOnlyForDeploymentPostprocessing = 0;
		};
/* End PBXFrameworksBuildPhase section */

/* Begin PBXGroup section */
		0362DA522C91B16E008ED49A /* UI */ = {
			isa = PBXGroup;
			children = (
				0362DA532C91B1C1008ED49A /* SettingsRow.swift */,
				0334E8122C93518C00DA52F6 /* ImagePicker.swift */,
				B8675E172C95810500B649B3 /* MapViewRepresentable.swift */,
				033DA9BD2C99CA3300A71506 /* SearchBar.swift */,
				0A6FE70B2C999B330055B534 /* GIFImage.swift */,
				0A918D912C9CAFF000A4B746 /* NavigationBarAppearance.swift */,
				0A918D972C9D965E00A4B746 /* LanguageSelectionView.swift */,
			);
			path = UI;
			sourceTree = "<group>";
		};
		03E237642C8C8F0B0095D755 /* Models */ = {
			isa = PBXGroup;
			children = (
				E9B8AE162C93256A0037450A /* Pin.swift */,
				0362DA482C9193E4008ED49A /* LoginCredentials.swift */,
				0362DA4E2C91A687008ED49A /* User.swift */,
				E992574F2C9579DF00A44500 /* News.swift */,
				0A125CE22C9AB3CC00F70798 /* ActivityLog.swift */,
			);
			path = Models;
			sourceTree = "<group>";
		};
		03E237652C8C8F6B0095D755 /* Views */ = {
			isa = PBXGroup;
			children = (
				B875DF502C95ED3C004CED7E /* Account */,
				B875DF522C95ED47004CED7E /* Alert */,
				B875DF512C95ED40004CED7E /* News */,
				B875DF4F2C95ED29004CED7E /* Map */,
				B832439A2C958C8200064A77 /* TabView.swift */,
				B88A54802C9533FE002AE8DF /* WelcomeView.swift */,
				0A6FE7152C99ABCF0055B534 /* SplashScreenView.swift */,
				E9F1C2F12C996DCF009ACA55 /* ImagePickerView.swift */,
			);
			path = Views;
			sourceTree = "<group>";
		};
		03E237662C8C90560095D755 /* ViewModels */ = {
			isa = PBXGroup;
			children = (
				E926EA522C9C3DC0006F4C69 /* PinManagementViewModel.swift */,
				E926EA502C9C3CE9006F4C69 /* PendingPinViewModel.swift */,
				E9F1C2ED2C996363009ACA55 /* ImagePickerViewModel.swift */,
				B830F06E2C942E4A008931E0 /* TabButtonView.swift */,
				0362DA462C9192AB008ED49A /* SignInViewModel.swift */,
				0362DA4C2C919E90008ED49A /* SignUpViewModel.swift */,
				B849870A2C94741400DEB0CF /* RoundCornerViewModel.swift */,
				B8675E192C95863700B649B3 /* ProgressViewModel.swift */,
				B88A54822C9536D0002AE8DF /* PageViewModel.swift */,
				0ABCBEFD2C9428E5002F62EE /* AccountViewModel.swift */,
				0390D2162C97E06000901461 /* AlertViewModel.swift */,
				0A125CDC2C9AAA8900F70798 /* ActivityLogsViewModel.swift */,
				0379B7282C9D92A600DBF916 /* AlertDetailsViewModel.swift */,
			);
			path = ViewModels;
			sourceTree = "<group>";
		};
		03E237672C8C90710095D755 /* Services */ = {
			isa = PBXGroup;
			children = (
				03E2376A2C8C925D0095D755 /* FirebaseService.swift */,
				B88A61422C9843C900E7D09B /* GeocodingService.swift */,
				035FB6D12C9B2B150066AE41 /* PinService.swift */,
				035FB6D32C9B2C050066AE41 /* ImageUploadService.swift */,
				035FB6D52C9B2C740066AE41 /* NewsService.swift */,
				0A125CDA2C99F7D700F70798 /* AuthManager.swift */,
				B8ACE6812C9B3E05003932F3 /* UserService.swift */,
			);
			path = Services;
			sourceTree = "<group>";
		};
		03E237682C8C907A0095D755 /* Utils */ = {
			isa = PBXGroup;
			children = (
				0A125CE72C9ACD5400F70798 /* Language */,
				0362DA522C91B16E008ED49A /* UI */,
				B875DF562C96D992004CED7E /* LocationManager.swift */,
				0379B7262C9C3F5300DBF916 /* Formatter.swift */,
			);
			path = Utils;
			sourceTree = "<group>";
		};
		03E237692C8C90C40095D755 /* Resources */ = {
			isa = PBXGroup;
			children = (
				0A6FE7132C99A7920055B534 /* GIF2.gif */,
				0A6FE7172C99ABEB0055B534 /* GIF1.gif */,
			);
			path = Resources;
			sourceTree = "<group>";
		};
		0A125CE72C9ACD5400F70798 /* Language */ = {
			isa = PBXGroup;
			children = (
				0A125CF22C9ACDCF00F70798 /* en.lproj */,
				0A125CF52C9ACDCF00F70798 /* vi.lproj */,
			);
			path = Language;
			sourceTree = "<group>";
		};
		0A125CF22C9ACDCF00F70798 /* en.lproj */ = {
			isa = PBXGroup;
			children = (
				0A125CF12C9ACDCF00F70798 /* Localizable.strings */,
			);
			path = en.lproj;
			sourceTree = "<group>";
		};
		0A125CF52C9ACDCF00F70798 /* vi.lproj */ = {
			isa = PBXGroup;
			children = (
				0A125CF42C9ACDCF00F70798 /* Localizable.strings */,
			);
			path = vi.lproj;
			sourceTree = "<group>";
		};
		B81FB92D2C9C0E3300DB90C1 /* ProfilePage */ = {
			isa = PBXGroup;
			children = (
				B81FB92E2C9C0E5000DB90C1 /* AccountNotLoginView.swift */,
				B81FB9302C9C0E5700DB90C1 /* AccountView.swift */,
				B81FB9322C9C0E5C00DB90C1 /* ActivityLogsView.swift */,
				B81FB9342C9C0E6200DB90C1 /* EditProfileView.swift */,
				B81FB9362C9C0E6700DB90C1 /* HelpView.swift */,
				B81FB9382C9C0E6C00DB90C1 /* ManageAccountView.swift */,
				B81FB93A2C9C0E7100DB90C1 /* NotificationsView.swift */,
				B81FB93C2C9C0E7600DB90C1 /* PrivacyPolicyView.swift */,
				B81FB93E2C9C0E7A00DB90C1 /* PrivacyView.swift */,
				B81FB9402C9C0E7E00DB90C1 /* ReportABugView.swift */,
				B81FB9422C9C0E8300DB90C1 /* TermsOfServiceView.swift */,
			);
			path = ProfilePage;
			sourceTree = "<group>";
		};
		B82E84BC2C9EC7680048530D /* AdminProfilePage */ = {
			isa = PBXGroup;
			children = (
				B82E84B52C9EC72B0048530D /* AdminPanelView.swift */,
				B82E84B62C9EC72B0048530D /* PendingPinView.swift */,
				B82E84B72C9EC72B0048530D /* PinManagementView.swift */,
			);
			path = AdminProfilePage;
			sourceTree = "<group>";
		};
		B875DF4F2C95ED29004CED7E /* Map */ = {
			isa = PBXGroup;
			children = (
				E9B8AE182C9325990037450A /* MapView.swift */,
				B875DF582C97C145004CED7E /* RoutingView.swift */,
				E9B8AE1A2C932A510037450A /* PinFormView.swift */,
				B875DF5A2C97CADF004CED7E /* DestinationView.swift */,
				E99257592C98617500A44500 /* DetailPinView.swift */,
			);
			path = Map;
			sourceTree = "<group>";
		};
		B875DF502C95ED3C004CED7E /* Account */ = {
			isa = PBXGroup;
			children = (
				B82E84BC2C9EC7680048530D /* AdminProfilePage */,
				B81FB92D2C9C0E3300DB90C1 /* ProfilePage */,
				B875DF532C95ED78004CED7E /* Auth */,
			);
			path = Account;
			sourceTree = "<group>";
		};
		B875DF512C95ED40004CED7E /* News */ = {
			isa = PBXGroup;
			children = (
				E99257532C957A3C00A44500 /* DetailNewsView.swift */,
				E99257572C958C3000A44500 /* AddNewsFormView.swift */,
				E99257512C957A1300A44500 /* NewsView.swift */,
			);
			path = News;
			sourceTree = "<group>";
		};
		B875DF522C95ED47004CED7E /* Alert */ = {
			isa = PBXGroup;
			children = (
				0390D2122C97D8A600901461 /* AlertView.swift */,
				0390D2142C97DD3300901461 /* AlertDetailsView.swift */,
			);
			path = Alert;
			sourceTree = "<group>";
		};
		B875DF532C95ED78004CED7E /* Auth */ = {
			isa = PBXGroup;
			children = (
				0ABCBEFB2C9421B2002F62EE /* ForgotPasswordView.swift */,
				0362DA442C9190F9008ED49A /* SignInView.swift */,
				0362DA4A2C919DEF008ED49A /* SignUpView.swift */,
			);
			path = Auth;
			sourceTree = "<group>";
		};
		B8E66F152C84C77D0033A939 = {
			isa = PBXGroup;
			children = (
				B8E66F202C84C77D0033A939 /* Roadify */,
				B8E66F1F2C84C77D0033A939 /* Products */,
			);
			sourceTree = "<group>";
		};
		B8E66F1F2C84C77D0033A939 /* Products */ = {
			isa = PBXGroup;
			children = (
				B8E66F1E2C84C77D0033A939 /* Roadify.app */,
			);
			name = Products;
			sourceTree = "<group>";
		};
		B8E66F202C84C77D0033A939 /* Roadify */ = {
			isa = PBXGroup;
			children = (
				03E237642C8C8F0B0095D755 /* Models */,
				03E237692C8C90C40095D755 /* Resources */,
				03E237682C8C907A0095D755 /* Utils */,
				03E237672C8C90710095D755 /* Services */,
				03E237662C8C90560095D755 /* ViewModels */,
				03E237652C8C8F6B0095D755 /* Views */,
				B8E66F212C84C77D0033A939 /* RoadifyApp.swift */,
				03E2376C2C8EB02E0095D755 /* GoogleService-Info.plist */,
				B8E66F252C84C77E0033A939 /* Assets.xcassets */,
				B8E66F272C84C77E0033A939 /* Preview Content */,
			);
			path = Roadify;
			sourceTree = "<group>";
		};
		B8E66F272C84C77E0033A939 /* Preview Content */ = {
			isa = PBXGroup;
			children = (
				B8E66F282C84C77E0033A939 /* Preview Assets.xcassets */,
			);
			path = "Preview Content";
			sourceTree = "<group>";
		};
/* End PBXGroup section */

/* Begin PBXNativeTarget section */
		B8E66F1D2C84C77D0033A939 /* Roadify */ = {
			isa = PBXNativeTarget;
			buildConfigurationList = B8E66F2C2C84C77E0033A939 /* Build configuration list for PBXNativeTarget "Roadify" */;
			buildPhases = (
				B8E66F1A2C84C77D0033A939 /* Sources */,
				B8E66F1B2C84C77D0033A939 /* Frameworks */,
				B8E66F1C2C84C77D0033A939 /* Resources */,
			);
			buildRules = (
			);
			dependencies = (
			);
			name = Roadify;
			packageProductDependencies = (
				03E2376F2C8EB1B60095D755 /* FirebaseAnalytics */,
				E9B8AE1E2C9340F50037450A /* FirebaseAuth */,
				E9B8AE202C9340F50037450A /* FirebaseDatabase */,
				E9B8AE222C9340F50037450A /* FirebaseFirestore */,
				E9B8AE242C9340F50037450A /* FirebaseStorage */,
				03E237772C8F2C3F0095D755 /* FirebaseAuth */,
				03E237792C8F2C3F0095D755 /* FirebaseDatabase */,
				03E2377B2C8F2C3F0095D755 /* FirebaseFirestore */,
				03E2377D2C8F2C3F0095D755 /* FirebaseStorage */,
			);
			productName = Roadify;
			productReference = B8E66F1E2C84C77D0033A939 /* Roadify.app */;
			productType = "com.apple.product-type.application";
		};
/* End PBXNativeTarget section */

/* Begin PBXProject section */
		B8E66F162C84C77D0033A939 /* Project object */ = {
			isa = PBXProject;
			attributes = {
				BuildIndependentTargetsInParallel = 1;
				LastSwiftUpdateCheck = 1540;
				LastUpgradeCheck = 1540;
				TargetAttributes = {
					B8E66F1D2C84C77D0033A939 = {
						CreatedOnToolsVersion = 15.4;
					};
				};
			};
			buildConfigurationList = B8E66F192C84C77D0033A939 /* Build configuration list for PBXProject "Roadify" */;
			compatibilityVersion = "Xcode 14.0";
			developmentRegion = en;
			hasScannedForEncodings = 0;
			knownRegions = (
				en,
				Base,
				vi,
			);
			mainGroup = B8E66F152C84C77D0033A939;
			packageReferences = (
				03E2376E2C8EB1B60095D755 /* XCRemoteSwiftPackageReference "firebase-ios-sdk" */,
			);
			productRefGroup = B8E66F1F2C84C77D0033A939 /* Products */;
			projectDirPath = "";
			projectRoot = "";
			targets = (
				B8E66F1D2C84C77D0033A939 /* Roadify */,
			);
		};
/* End PBXProject section */

/* Begin PBXResourcesBuildPhase section */
		B8E66F1C2C84C77D0033A939 /* Resources */ = {
			isa = PBXResourcesBuildPhase;
			buildActionMask = 2147483647;
			files = (
				0A6FE7142C99A7920055B534 /* GIF2.gif in Resources */,
				0A125CF62C9ACDCF00F70798 /* Localizable.strings in Resources */,
				B8E66F292C84C77E0033A939 /* Preview Assets.xcassets in Resources */,
				0A125CF72C9ACDCF00F70798 /* Localizable.strings in Resources */,
				B8E66F262C84C77E0033A939 /* Assets.xcassets in Resources */,
				0A6FE7182C99ABEC0055B534 /* GIF1.gif in Resources */,
				03E2376D2C8EB02E0095D755 /* GoogleService-Info.plist in Resources */,
			);
			runOnlyForDeploymentPostprocessing = 0;
		};
/* End PBXResourcesBuildPhase section */

/* Begin PBXSourcesBuildPhase section */
		B8E66F1A2C84C77D0033A939 /* Sources */ = {
			isa = PBXSourcesBuildPhase;
			buildActionMask = 2147483647;
			files = (
				B8675E1A2C95863700B649B3 /* ProgressViewModel.swift in Sources */,
				E9B8AE192C9325990037450A /* MapView.swift in Sources */,
				B81FB9332C9C0E5C00DB90C1 /* ActivityLogsView.swift in Sources */,
				0A918D982C9D965E00A4B746 /* LanguageSelectionView.swift in Sources */,
				0ABCBEFE2C9428E5002F62EE /* AccountViewModel.swift in Sources */,
				E9F1C2F22C996DD7009ACA55 /* ImagePickerView.swift in Sources */,
				B81FB9312C9C0E5700DB90C1 /* AccountView.swift in Sources */,
				B88A61432C9843C900E7D09B /* GeocodingService.swift in Sources */,
				0362DA492C9193E4008ED49A /* LoginCredentials.swift in Sources */,
				0362DA452C9190F9008ED49A /* SignInView.swift in Sources */,
				B8675E182C95810500B649B3 /* MapViewRepresentable.swift in Sources */,
				E926EA512C9C3CEC006F4C69 /* PendingPinViewModel.swift in Sources */,
				0362DA4D2C919E90008ED49A /* SignUpViewModel.swift in Sources */,
				B81FB93F2C9C0E7A00DB90C1 /* PrivacyView.swift in Sources */,
				0390D2152C97DD3300901461 /* AlertDetailsView.swift in Sources */,
				E926EA532C9C3DC2006F4C69 /* PinManagementViewModel.swift in Sources */,
				0390D2172C97E06000901461 /* AlertViewModel.swift in Sources */,
				B875DF5B2C97CADF004CED7E /* DestinationView.swift in Sources */,
				B875DF5B2C97CADF004CED7E /* DestinationView.swift in Sources */,
				0362DA4D2C919E90008ED49A /* SignUpViewModel.swift in Sources */,
				0379B7272C9C3F5300DBF916 /* Formatter.swift in Sources */,
				0362DA472C9192AB008ED49A /* SignInViewModel.swift in Sources */,
				E99257522C957A1300A44500 /* NewsView.swift in Sources */,
				0A125CDD2C9AAA8900F70798 /* ActivityLogsViewModel.swift in Sources */,
				B830F06F2C942E4A008931E0 /* TabButtonView.swift in Sources */,
				0A6FE7162C99ABCF0055B534 /* SplashScreenView.swift in Sources */,
				E9B8AE1B2C932A510037450A /* PinFormView.swift in Sources */,
				B81FB93D2C9C0E7600DB90C1 /* PrivacyPolicyView.swift in Sources */,
				B81FB9412C9C0E7E00DB90C1 /* ReportABugView.swift in Sources */,
				E9B8AE172C93256A0037450A /* Pin.swift in Sources */,
				B875DF572C96D992004CED7E /* LocationManager.swift in Sources */,
				0A918D922C9CAFF000A4B746 /* NavigationBarAppearance.swift in Sources */,
				B849870B2C94741400DEB0CF /* RoundCornerViewModel.swift in Sources */,
				B81FB9352C9C0E6200DB90C1 /* EditProfileView.swift in Sources */,
				B8ACE6822C9B3E05003932F3 /* UserService.swift in Sources */,
				0362DA542C91B1C1008ED49A /* SettingsRow.swift in Sources */,
				E99257502C9579DF00A44500 /* News.swift in Sources */,
				E99257542C957A3C00A44500 /* DetailNewsView.swift in Sources */,
				0ABCBEFC2C9421B2002F62EE /* ForgotPasswordView.swift in Sources */,
				B875DF592C97C145004CED7E /* RoutingView.swift in Sources */,
				03E2376B2C8C925D0095D755 /* FirebaseService.swift in Sources */,
				B81FB9372C9C0E6700DB90C1 /* HelpView.swift in Sources */,
				035FB6D62C9B2C740066AE41 /* NewsService.swift in Sources */,
				B82E84B82C9EC72B0048530D /* AdminPanelView.swift in Sources */,
				B82E84B92C9EC72B0048530D /* PendingPinView.swift in Sources */,
				B82E84BA2C9EC72B0048530D /* PinManagementView.swift in Sources */,
				E992575A2C98617600A44500 /* DetailPinView.swift in Sources */,
				B88A54812C9533FE002AE8DF /* WelcomeView.swift in Sources */,
				E99257582C958C3000A44500 /* AddNewsFormView.swift in Sources */,
				035FB6D42C9B2C050066AE41 /* ImageUploadService.swift in Sources */,
				B8E66F222C84C77D0033A939 /* RoadifyApp.swift in Sources */,
				0390D2132C97D8A600901461 /* AlertView.swift in Sources */,
				0379B7292C9D92A600DBF916 /* AlertDetailsViewModel.swift in Sources */,
				033DA9BE2C99CA3300A71506 /* SearchBar.swift in Sources */,
				B81FB9432C9C0E8300DB90C1 /* TermsOfServiceView.swift in Sources */,
				0362DA4B2C919DEF008ED49A /* SignUpView.swift in Sources */,
				035FB6D22C9B2B150066AE41 /* PinService.swift in Sources */,
				0A6FE70C2C999B330055B534 /* GIFImage.swift in Sources */,
				0334E8132C93518C00DA52F6 /* ImagePicker.swift in Sources */,
				B81FB92F2C9C0E5000DB90C1 /* AccountNotLoginView.swift in Sources */,
				0A125CDB2C99F7D700F70798 /* AuthManager.swift in Sources */,
				0A125CE32C9AB3CC00F70798 /* ActivityLog.swift in Sources */,
				E9F1C2EE2C99636F009ACA55 /* ImagePickerViewModel.swift in Sources */,
				0362DA4F2C91A687008ED49A /* User.swift in Sources */,
				B832439B2C958C8200064A77 /* TabView.swift in Sources */,
				B88A54832C9536D0002AE8DF /* PageViewModel.swift in Sources */,
				B81FB9392C9C0E6C00DB90C1 /* ManageAccountView.swift in Sources */,
				B81FB93B2C9C0E7100DB90C1 /* NotificationsView.swift in Sources */,
			);
			runOnlyForDeploymentPostprocessing = 0;
		};
/* End PBXSourcesBuildPhase section */

/* Begin PBXVariantGroup section */
		0A125CF12C9ACDCF00F70798 /* Localizable.strings */ = {
			isa = PBXVariantGroup;
			children = (
				0A125CF02C9ACDCF00F70798 /* en */,
			);
			name = Localizable.strings;
			sourceTree = "<group>";
		};
		0A125CF42C9ACDCF00F70798 /* Localizable.strings */ = {
			isa = PBXVariantGroup;
			children = (
				0A125CF32C9ACDCF00F70798 /* vi */,
			);
			name = Localizable.strings;
			sourceTree = "<group>";
		};
/* End PBXVariantGroup section */

/* Begin XCBuildConfiguration section */
		B8E66F2A2C84C77E0033A939 /* Debug */ = {
			isa = XCBuildConfiguration;
			buildSettings = {
				ALWAYS_SEARCH_USER_PATHS = NO;
				ASSETCATALOG_COMPILER_GENERATE_SWIFT_ASSET_SYMBOL_EXTENSIONS = YES;
				CLANG_ANALYZER_NONNULL = YES;
				CLANG_ANALYZER_NUMBER_OBJECT_CONVERSION = YES_AGGRESSIVE;
				CLANG_CXX_LANGUAGE_STANDARD = "gnu++20";
				CLANG_ENABLE_MODULES = YES;
				CLANG_ENABLE_OBJC_ARC = YES;
				CLANG_ENABLE_OBJC_WEAK = YES;
				CLANG_WARN_BLOCK_CAPTURE_AUTORELEASING = YES;
				CLANG_WARN_BOOL_CONVERSION = YES;
				CLANG_WARN_COMMA = YES;
				CLANG_WARN_CONSTANT_CONVERSION = YES;
				CLANG_WARN_DEPRECATED_OBJC_IMPLEMENTATIONS = YES;
				CLANG_WARN_DIRECT_OBJC_ISA_USAGE = YES_ERROR;
				CLANG_WARN_DOCUMENTATION_COMMENTS = YES;
				CLANG_WARN_EMPTY_BODY = YES;
				CLANG_WARN_ENUM_CONVERSION = YES;
				CLANG_WARN_INFINITE_RECURSION = YES;
				CLANG_WARN_INT_CONVERSION = YES;
				CLANG_WARN_NON_LITERAL_NULL_CONVERSION = YES;
				CLANG_WARN_OBJC_IMPLICIT_RETAIN_SELF = YES;
				CLANG_WARN_OBJC_LITERAL_CONVERSION = YES;
				CLANG_WARN_OBJC_ROOT_CLASS = YES_ERROR;
				CLANG_WARN_QUOTED_INCLUDE_IN_FRAMEWORK_HEADER = YES;
				CLANG_WARN_RANGE_LOOP_ANALYSIS = YES;
				CLANG_WARN_STRICT_PROTOTYPES = YES;
				CLANG_WARN_SUSPICIOUS_MOVE = YES;
				CLANG_WARN_UNGUARDED_AVAILABILITY = YES_AGGRESSIVE;
				CLANG_WARN_UNREACHABLE_CODE = YES;
				CLANG_WARN__DUPLICATE_METHOD_MATCH = YES;
				COPY_PHASE_STRIP = NO;
				DEBUG_INFORMATION_FORMAT = dwarf;
				ENABLE_STRICT_OBJC_MSGSEND = YES;
				ENABLE_TESTABILITY = YES;
				ENABLE_USER_SCRIPT_SANDBOXING = YES;
				GCC_C_LANGUAGE_STANDARD = gnu17;
				GCC_DYNAMIC_NO_PIC = NO;
				GCC_NO_COMMON_BLOCKS = YES;
				GCC_OPTIMIZATION_LEVEL = 0;
				GCC_PREPROCESSOR_DEFINITIONS = (
					"DEBUG=1",
					"$(inherited)",
				);
				GCC_WARN_64_TO_32_BIT_CONVERSION = YES;
				GCC_WARN_ABOUT_RETURN_TYPE = YES_ERROR;
				GCC_WARN_UNDECLARED_SELECTOR = YES;
				GCC_WARN_UNINITIALIZED_AUTOS = YES_AGGRESSIVE;
				GCC_WARN_UNUSED_FUNCTION = YES;
				GCC_WARN_UNUSED_VARIABLE = YES;
				IPHONEOS_DEPLOYMENT_TARGET = 17.5;
				LOCALIZATION_PREFERS_STRING_CATALOGS = YES;
				MTL_ENABLE_DEBUG_INFO = INCLUDE_SOURCE;
				MTL_FAST_MATH = YES;
				ONLY_ACTIVE_ARCH = YES;
				SDKROOT = iphoneos;
				SWIFT_ACTIVE_COMPILATION_CONDITIONS = "DEBUG $(inherited)";
				SWIFT_OPTIMIZATION_LEVEL = "-Onone";
			};
			name = Debug;
		};
		B8E66F2B2C84C77E0033A939 /* Release */ = {
			isa = XCBuildConfiguration;
			buildSettings = {
				ALWAYS_SEARCH_USER_PATHS = NO;
				ASSETCATALOG_COMPILER_GENERATE_SWIFT_ASSET_SYMBOL_EXTENSIONS = YES;
				CLANG_ANALYZER_NONNULL = YES;
				CLANG_ANALYZER_NUMBER_OBJECT_CONVERSION = YES_AGGRESSIVE;
				CLANG_CXX_LANGUAGE_STANDARD = "gnu++20";
				CLANG_ENABLE_MODULES = YES;
				CLANG_ENABLE_OBJC_ARC = YES;
				CLANG_ENABLE_OBJC_WEAK = YES;
				CLANG_WARN_BLOCK_CAPTURE_AUTORELEASING = YES;
				CLANG_WARN_BOOL_CONVERSION = YES;
				CLANG_WARN_COMMA = YES;
				CLANG_WARN_CONSTANT_CONVERSION = YES;
				CLANG_WARN_DEPRECATED_OBJC_IMPLEMENTATIONS = YES;
				CLANG_WARN_DIRECT_OBJC_ISA_USAGE = YES_ERROR;
				CLANG_WARN_DOCUMENTATION_COMMENTS = YES;
				CLANG_WARN_EMPTY_BODY = YES;
				CLANG_WARN_ENUM_CONVERSION = YES;
				CLANG_WARN_INFINITE_RECURSION = YES;
				CLANG_WARN_INT_CONVERSION = YES;
				CLANG_WARN_NON_LITERAL_NULL_CONVERSION = YES;
				CLANG_WARN_OBJC_IMPLICIT_RETAIN_SELF = YES;
				CLANG_WARN_OBJC_LITERAL_CONVERSION = YES;
				CLANG_WARN_OBJC_ROOT_CLASS = YES_ERROR;
				CLANG_WARN_QUOTED_INCLUDE_IN_FRAMEWORK_HEADER = YES;
				CLANG_WARN_RANGE_LOOP_ANALYSIS = YES;
				CLANG_WARN_STRICT_PROTOTYPES = YES;
				CLANG_WARN_SUSPICIOUS_MOVE = YES;
				CLANG_WARN_UNGUARDED_AVAILABILITY = YES_AGGRESSIVE;
				CLANG_WARN_UNREACHABLE_CODE = YES;
				CLANG_WARN__DUPLICATE_METHOD_MATCH = YES;
				COPY_PHASE_STRIP = NO;
				DEBUG_INFORMATION_FORMAT = "dwarf-with-dsym";
				ENABLE_NS_ASSERTIONS = NO;
				ENABLE_STRICT_OBJC_MSGSEND = YES;
				ENABLE_USER_SCRIPT_SANDBOXING = YES;
				GCC_C_LANGUAGE_STANDARD = gnu17;
				GCC_NO_COMMON_BLOCKS = YES;
				GCC_WARN_64_TO_32_BIT_CONVERSION = YES;
				GCC_WARN_ABOUT_RETURN_TYPE = YES_ERROR;
				GCC_WARN_UNDECLARED_SELECTOR = YES;
				GCC_WARN_UNINITIALIZED_AUTOS = YES_AGGRESSIVE;
				GCC_WARN_UNUSED_FUNCTION = YES;
				GCC_WARN_UNUSED_VARIABLE = YES;
				IPHONEOS_DEPLOYMENT_TARGET = 17.5;
				LOCALIZATION_PREFERS_STRING_CATALOGS = YES;
				MTL_ENABLE_DEBUG_INFO = NO;
				MTL_FAST_MATH = YES;
				SDKROOT = iphoneos;
				SWIFT_COMPILATION_MODE = wholemodule;
				VALIDATE_PRODUCT = YES;
			};
			name = Release;
		};
		B8E66F2D2C84C77E0033A939 /* Debug */ = {
			isa = XCBuildConfiguration;
			buildSettings = {
				ASSETCATALOG_COMPILER_APPICON_NAME = AppIcon;
				ASSETCATALOG_COMPILER_GLOBAL_ACCENT_COLOR_NAME = AccentColor;
				CODE_SIGN_STYLE = Automatic;
				CURRENT_PROJECT_VERSION = 1;
				DEVELOPMENT_ASSET_PATHS = "\"Roadify/Preview Content\"";
				DEVELOPMENT_TEAM = 8LD7T5FH2D;
				ENABLE_PREVIEWS = YES;
				GENERATE_INFOPLIST_FILE = YES;
				INFOPLIST_KEY_NSLocationWhenInUseUsageDescription = "Roadify needs your location to show nearby accidents and traffic information.";
				INFOPLIST_KEY_NSPhotoLibraryUsageDescription = "Roadify requires access to your photo library to allow you to select images.";
				INFOPLIST_KEY_UIApplicationSceneManifest_Generation = YES;
				INFOPLIST_KEY_UIApplicationSupportsIndirectInputEvents = YES;
				INFOPLIST_KEY_UILaunchScreen_Generation = YES;
				INFOPLIST_KEY_UISupportedInterfaceOrientations_iPad = "UIInterfaceOrientationPortrait UIInterfaceOrientationPortraitUpsideDown UIInterfaceOrientationLandscapeLeft UIInterfaceOrientationLandscapeRight";
				INFOPLIST_KEY_UISupportedInterfaceOrientations_iPhone = "UIInterfaceOrientationPortrait UIInterfaceOrientationLandscapeLeft UIInterfaceOrientationLandscapeRight";
				LD_RUNPATH_SEARCH_PATHS = (
					"$(inherited)",
					"@executable_path/Frameworks",
				);
				MARKETING_VERSION = 1.0;
				PRODUCT_BUNDLE_IDENTIFIER = me.kys1kh6n9dau.Roadify;
				PRODUCT_NAME = "$(TARGET_NAME)";
				SWIFT_EMIT_LOC_STRINGS = YES;
				SWIFT_VERSION = 5.0;
				TARGETED_DEVICE_FAMILY = "1,2";
			};
			name = Debug;
		};
		B8E66F2E2C84C77E0033A939 /* Release */ = {
			isa = XCBuildConfiguration;
			buildSettings = {
				ASSETCATALOG_COMPILER_APPICON_NAME = AppIcon;
				ASSETCATALOG_COMPILER_GLOBAL_ACCENT_COLOR_NAME = AccentColor;
				CODE_SIGN_STYLE = Automatic;
				CURRENT_PROJECT_VERSION = 1;
				DEVELOPMENT_ASSET_PATHS = "\"Roadify/Preview Content\"";
				DEVELOPMENT_TEAM = 8LD7T5FH2D;
				ENABLE_PREVIEWS = YES;
				GENERATE_INFOPLIST_FILE = YES;
				INFOPLIST_KEY_NSLocationWhenInUseUsageDescription = "Roadify needs your location to show nearby accidents and traffic information.";
				INFOPLIST_KEY_NSPhotoLibraryUsageDescription = "Roadify requires access to your photo library to allow you to select images.";
				INFOPLIST_KEY_UIApplicationSceneManifest_Generation = YES;
				INFOPLIST_KEY_UIApplicationSupportsIndirectInputEvents = YES;
				INFOPLIST_KEY_UILaunchScreen_Generation = YES;
				INFOPLIST_KEY_UISupportedInterfaceOrientations_iPad = "UIInterfaceOrientationPortrait UIInterfaceOrientationPortraitUpsideDown UIInterfaceOrientationLandscapeLeft UIInterfaceOrientationLandscapeRight";
				INFOPLIST_KEY_UISupportedInterfaceOrientations_iPhone = "UIInterfaceOrientationPortrait UIInterfaceOrientationLandscapeLeft UIInterfaceOrientationLandscapeRight";
				LD_RUNPATH_SEARCH_PATHS = (
					"$(inherited)",
					"@executable_path/Frameworks",
				);
				MARKETING_VERSION = 1.0;
				PRODUCT_BUNDLE_IDENTIFIER = me.kys1kh6n9dau.Roadify;
				PRODUCT_NAME = "$(TARGET_NAME)";
				SWIFT_EMIT_LOC_STRINGS = YES;
				SWIFT_VERSION = 5.0;
				TARGETED_DEVICE_FAMILY = "1,2";
			};
			name = Release;
		};
/* End XCBuildConfiguration section */

/* Begin XCConfigurationList section */
		B8E66F192C84C77D0033A939 /* Build configuration list for PBXProject "Roadify" */ = {
			isa = XCConfigurationList;
			buildConfigurations = (
				B8E66F2A2C84C77E0033A939 /* Debug */,
				B8E66F2B2C84C77E0033A939 /* Release */,
			);
			defaultConfigurationIsVisible = 0;
			defaultConfigurationName = Release;
		};
		B8E66F2C2C84C77E0033A939 /* Build configuration list for PBXNativeTarget "Roadify" */ = {
			isa = XCConfigurationList;
			buildConfigurations = (
				B8E66F2D2C84C77E0033A939 /* Debug */,
				B8E66F2E2C84C77E0033A939 /* Release */,
			);
			defaultConfigurationIsVisible = 0;
			defaultConfigurationName = Release;
		};
/* End XCConfigurationList section */

/* Begin XCRemoteSwiftPackageReference section */
		03E2376E2C8EB1B60095D755 /* XCRemoteSwiftPackageReference "firebase-ios-sdk" */ = {
			isa = XCRemoteSwiftPackageReference;
			repositoryURL = "https://github.com/firebase/firebase-ios-sdk";
			requirement = {
				kind = upToNextMajorVersion;
				minimumVersion = 11.1.0;
			};
		};
/* End XCRemoteSwiftPackageReference section */

/* Begin XCSwiftPackageProductDependency section */
		03E2376F2C8EB1B60095D755 /* FirebaseAnalytics */ = {
			isa = XCSwiftPackageProductDependency;
			package = 03E2376E2C8EB1B60095D755 /* XCRemoteSwiftPackageReference "firebase-ios-sdk" */;
			productName = FirebaseAnalytics;
		};
		03E237772C8F2C3F0095D755 /* FirebaseAuth */ = {
			isa = XCSwiftPackageProductDependency;
			package = 03E2376E2C8EB1B60095D755 /* XCRemoteSwiftPackageReference "firebase-ios-sdk" */;
			productName = FirebaseAuth;
		};
		03E237792C8F2C3F0095D755 /* FirebaseDatabase */ = {
			isa = XCSwiftPackageProductDependency;
			package = 03E2376E2C8EB1B60095D755 /* XCRemoteSwiftPackageReference "firebase-ios-sdk" */;
			productName = FirebaseDatabase;
		};
		03E2377B2C8F2C3F0095D755 /* FirebaseFirestore */ = {
			isa = XCSwiftPackageProductDependency;
			package = 03E2376E2C8EB1B60095D755 /* XCRemoteSwiftPackageReference "firebase-ios-sdk" */;
			productName = FirebaseFirestore;
		};
		03E2377D2C8F2C3F0095D755 /* FirebaseStorage */ = {
			isa = XCSwiftPackageProductDependency;
			package = 03E2376E2C8EB1B60095D755 /* XCRemoteSwiftPackageReference "firebase-ios-sdk" */;
			productName = FirebaseStorage;
		};
		E9B8AE1E2C9340F50037450A /* FirebaseAuth */ = {
			isa = XCSwiftPackageProductDependency;
			productName = FirebaseAuth;
		};
		E9B8AE202C9340F50037450A /* FirebaseDatabase */ = {
			isa = XCSwiftPackageProductDependency;
			productName = FirebaseDatabase;
		};
		E9B8AE222C9340F50037450A /* FirebaseFirestore */ = {
			isa = XCSwiftPackageProductDependency;
			productName = FirebaseFirestore;
		};
		E9B8AE242C9340F50037450A /* FirebaseStorage */ = {
			isa = XCSwiftPackageProductDependency;
			productName = FirebaseStorage;
		};
/* End XCSwiftPackageProductDependency section */
	};
	rootObject = B8E66F162C84C77D0033A939 /* Project object */;
}
