// !$*UTF8*$!
{
	archiveVersion = 1;
	classes = {
	};
	objectVersion = 56;
	objects = {

/* Begin PBXBuildFile section */
		0362DA452C9190F9008ED49A /* SignInView.swift in Sources */ = {isa = PBXBuildFile; fileRef = 0362DA442C9190F9008ED49A /* SignInView.swift */; };
		0362DA472C9192AB008ED49A /* SignInViewModel.swift in Sources */ = {isa = PBXBuildFile; fileRef = 0362DA462C9192AB008ED49A /* SignInViewModel.swift */; };
		0362DA492C9193E4008ED49A /* LoginCredentials.swift in Sources */ = {isa = PBXBuildFile; fileRef = 0362DA482C9193E4008ED49A /* LoginCredentials.swift */; };
		0362DA4B2C919DEF008ED49A /* SignUpView.swift in Sources */ = {isa = PBXBuildFile; fileRef = 0362DA4A2C919DEF008ED49A /* SignUpView.swift */; };
		0362DA4D2C919E90008ED49A /* SignUpViewModel.swift in Sources */ = {isa = PBXBuildFile; fileRef = 0362DA4C2C919E90008ED49A /* SignUpViewModel.swift */; };
		0362DA4F2C91A687008ED49A /* User.swift in Sources */ = {isa = PBXBuildFile; fileRef = 0362DA4E2C91A687008ED49A /* User.swift */; };
		0362DA512C91AF2D008ED49A /* AccountView.swift in Sources */ = {isa = PBXBuildFile; fileRef = 0362DA502C91AF2D008ED49A /* AccountView.swift */; };
		0362DA542C91B1C1008ED49A /* settingsRow.swift in Sources */ = {isa = PBXBuildFile; fileRef = 0362DA532C91B1C1008ED49A /* settingsRow.swift */; };
		03AEF1D12C8F45BB001C503E /* CRUDView.swift in Sources */ = {isa = PBXBuildFile; fileRef = 03AEF1D02C8F45BB001C503E /* CRUDView.swift */; };
		03E2376B2C8C925D0095D755 /* FirebaseService.swift in Sources */ = {isa = PBXBuildFile; fileRef = 03E2376A2C8C925D0095D755 /* FirebaseService.swift */; };
		03E2376D2C8EB02E0095D755 /* GoogleService-Info.plist in Resources */ = {isa = PBXBuildFile; fileRef = 03E2376C2C8EB02E0095D755 /* GoogleService-Info.plist */; };
		03E237702C8EB1B60095D755 /* FirebaseAnalytics in Frameworks */ = {isa = PBXBuildFile; productRef = 03E2376F2C8EB1B60095D755 /* FirebaseAnalytics */; };
		03E237762C8F08430095D755 /* Marker.swift in Sources */ = {isa = PBXBuildFile; fileRef = 03E237752C8F08430095D755 /* Marker.swift */; };
		03E237782C8F2C3F0095D755 /* FirebaseAuth in Frameworks */ = {isa = PBXBuildFile; productRef = 03E237772C8F2C3F0095D755 /* FirebaseAuth */; };
		03E2377A2C8F2C3F0095D755 /* FirebaseDatabase in Frameworks */ = {isa = PBXBuildFile; productRef = 03E237792C8F2C3F0095D755 /* FirebaseDatabase */; };
		03E2377C2C8F2C3F0095D755 /* FirebaseFirestore in Frameworks */ = {isa = PBXBuildFile; productRef = 03E2377B2C8F2C3F0095D755 /* FirebaseFirestore */; };
		03E2377E2C8F2C3F0095D755 /* FirebaseStorage in Frameworks */ = {isa = PBXBuildFile; productRef = 03E2377D2C8F2C3F0095D755 /* FirebaseStorage */; };
		B8E66F222C84C77D0033A939 /* RoadifyApp.swift in Sources */ = {isa = PBXBuildFile; fileRef = B8E66F212C84C77D0033A939 /* RoadifyApp.swift */; };
		B8E66F242C84C77D0033A939 /* ContentView.swift in Sources */ = {isa = PBXBuildFile; fileRef = B8E66F232C84C77D0033A939 /* ContentView.swift */; };
		B8E66F262C84C77E0033A939 /* Assets.xcassets in Resources */ = {isa = PBXBuildFile; fileRef = B8E66F252C84C77E0033A939 /* Assets.xcassets */; };
		B8E66F292C84C77E0033A939 /* Preview Assets.xcassets in Resources */ = {isa = PBXBuildFile; fileRef = B8E66F282C84C77E0033A939 /* Preview Assets.xcassets */; };
/* End PBXBuildFile section */

/* Begin PBXFileReference section */
		0362DA442C9190F9008ED49A /* SignInView.swift */ = {isa = PBXFileReference; lastKnownFileType = sourcecode.swift; path = SignInView.swift; sourceTree = "<group>"; };
		0362DA462C9192AB008ED49A /* SignInViewModel.swift */ = {isa = PBXFileReference; lastKnownFileType = sourcecode.swift; path = SignInViewModel.swift; sourceTree = "<group>"; };
		0362DA482C9193E4008ED49A /* LoginCredentials.swift */ = {isa = PBXFileReference; lastKnownFileType = sourcecode.swift; path = LoginCredentials.swift; sourceTree = "<group>"; };
		0362DA4A2C919DEF008ED49A /* SignUpView.swift */ = {isa = PBXFileReference; lastKnownFileType = sourcecode.swift; path = SignUpView.swift; sourceTree = "<group>"; };
		0362DA4C2C919E90008ED49A /* SignUpViewModel.swift */ = {isa = PBXFileReference; lastKnownFileType = sourcecode.swift; path = SignUpViewModel.swift; sourceTree = "<group>"; };
		0362DA4E2C91A687008ED49A /* User.swift */ = {isa = PBXFileReference; lastKnownFileType = sourcecode.swift; path = User.swift; sourceTree = "<group>"; };
		0362DA502C91AF2D008ED49A /* AccountView.swift */ = {isa = PBXFileReference; lastKnownFileType = sourcecode.swift; path = AccountView.swift; sourceTree = "<group>"; };
		0362DA532C91B1C1008ED49A /* settingsRow.swift */ = {isa = PBXFileReference; lastKnownFileType = sourcecode.swift; path = settingsRow.swift; sourceTree = "<group>"; };
		03AEF1D02C8F45BB001C503E /* CRUDView.swift */ = {isa = PBXFileReference; lastKnownFileType = sourcecode.swift; path = CRUDView.swift; sourceTree = "<group>"; };
		03E2376A2C8C925D0095D755 /* FirebaseService.swift */ = {isa = PBXFileReference; lastKnownFileType = sourcecode.swift; path = FirebaseService.swift; sourceTree = "<group>"; };
		03E2376C2C8EB02E0095D755 /* GoogleService-Info.plist */ = {isa = PBXFileReference; fileEncoding = 4; lastKnownFileType = text.plist.xml; path = "GoogleService-Info.plist"; sourceTree = "<group>"; };
		03E237752C8F08430095D755 /* Marker.swift */ = {isa = PBXFileReference; lastKnownFileType = sourcecode.swift; path = Marker.swift; sourceTree = "<group>"; };
		B8E66F1E2C84C77D0033A939 /* Roadify.app */ = {isa = PBXFileReference; explicitFileType = wrapper.application; includeInIndex = 0; path = Roadify.app; sourceTree = BUILT_PRODUCTS_DIR; };
		B8E66F212C84C77D0033A939 /* RoadifyApp.swift */ = {isa = PBXFileReference; lastKnownFileType = sourcecode.swift; path = RoadifyApp.swift; sourceTree = "<group>"; };
		B8E66F232C84C77D0033A939 /* ContentView.swift */ = {isa = PBXFileReference; lastKnownFileType = sourcecode.swift; path = ContentView.swift; sourceTree = "<group>"; };
		B8E66F252C84C77E0033A939 /* Assets.xcassets */ = {isa = PBXFileReference; lastKnownFileType = folder.assetcatalog; path = Assets.xcassets; sourceTree = "<group>"; };
		B8E66F282C84C77E0033A939 /* Preview Assets.xcassets */ = {isa = PBXFileReference; lastKnownFileType = folder.assetcatalog; path = "Preview Assets.xcassets"; sourceTree = "<group>"; };
/* End PBXFileReference section */

/* Begin PBXFrameworksBuildPhase section */
		B8E66F1B2C84C77D0033A939 /* Frameworks */ = {
			isa = PBXFrameworksBuildPhase;
			buildActionMask = 2147483647;
			files = (
				03E2377A2C8F2C3F0095D755 /* FirebaseDatabase in Frameworks */,
				03E2377C2C8F2C3F0095D755 /* FirebaseFirestore in Frameworks */,
				03E237702C8EB1B60095D755 /* FirebaseAnalytics in Frameworks */,
				03E2377E2C8F2C3F0095D755 /* FirebaseStorage in Frameworks */,
				03E237782C8F2C3F0095D755 /* FirebaseAuth in Frameworks */,
			);
			runOnlyForDeploymentPostprocessing = 0;
		};
/* End PBXFrameworksBuildPhase section */

/* Begin PBXGroup section */
		0362DA522C91B16E008ED49A /* UI */ = {
			isa = PBXGroup;
			children = (
				0362DA532C91B1C1008ED49A /* settingsRow.swift */,
			);
			path = UI;
			sourceTree = "<group>";
		};
		03E237642C8C8F0B0095D755 /* Models */ = {
			isa = PBXGroup;
			children = (
				03E237752C8F08430095D755 /* Marker.swift */,
				0362DA482C9193E4008ED49A /* LoginCredentials.swift */,
				0362DA4E2C91A687008ED49A /* User.swift */,
			);
			path = Models;
			sourceTree = "<group>";
		};
		03E237652C8C8F6B0095D755 /* Views */ = {
			isa = PBXGroup;
			children = (
				B8E66F232C84C77D0033A939 /* ContentView.swift */,
				03AEF1D02C8F45BB001C503E /* CRUDView.swift */,
				0362DA442C9190F9008ED49A /* SignInView.swift */,
				0362DA4A2C919DEF008ED49A /* SignUpView.swift */,
				0362DA502C91AF2D008ED49A /* AccountView.swift */,
			);
			path = Views;
			sourceTree = "<group>";
		};
		03E237662C8C90560095D755 /* ViewModels */ = {
			isa = PBXGroup;
			children = (
				0362DA462C9192AB008ED49A /* SignInViewModel.swift */,
				0362DA4C2C919E90008ED49A /* SignUpViewModel.swift */,
			);
			path = ViewModels;
			sourceTree = "<group>";
		};
		03E237672C8C90710095D755 /* Services */ = {
			isa = PBXGroup;
			children = (
				03E2376A2C8C925D0095D755 /* FirebaseService.swift */,
			);
			path = Services;
			sourceTree = "<group>";
		};
		03E237682C8C907A0095D755 /* Utils */ = {
			isa = PBXGroup;
			children = (
				0362DA522C91B16E008ED49A /* UI */,
			);
			path = Utils;
			sourceTree = "<group>";
		};
		03E237692C8C90C40095D755 /* Resources */ = {
			isa = PBXGroup;
			children = (
			);
			path = Resources;
			sourceTree = "<group>";
		};
		B8E66F152C84C77D0033A939 = {
			isa = PBXGroup;
			children = (
				B8E66F202C84C77D0033A939 /* Roadify */,
				B8E66F1F2C84C77D0033A939 /* Products */,
			);
			sourceTree = "<group>";
		};
		B8E66F1F2C84C77D0033A939 /* Products */ = {
			isa = PBXGroup;
			children = (
				B8E66F1E2C84C77D0033A939 /* Roadify.app */,
			);
			name = Products;
			sourceTree = "<group>";
		};
		B8E66F202C84C77D0033A939 /* Roadify */ = {
			isa = PBXGroup;
			children = (
				03E237642C8C8F0B0095D755 /* Models */,
				03E237692C8C90C40095D755 /* Resources */,
				03E237682C8C907A0095D755 /* Utils */,
				03E237672C8C90710095D755 /* Services */,
				03E237662C8C90560095D755 /* ViewModels */,
				03E237652C8C8F6B0095D755 /* Views */,
				B8E66F212C84C77D0033A939 /* RoadifyApp.swift */,
				03E2376C2C8EB02E0095D755 /* GoogleService-Info.plist */,
				B8E66F252C84C77E0033A939 /* Assets.xcassets */,
				B8E66F272C84C77E0033A939 /* Preview Content */,
			);
			path = Roadify;
			sourceTree = "<group>";
		};
		B8E66F272C84C77E0033A939 /* Preview Content */ = {
			isa = PBXGroup;
			children = (
				B8E66F282C84C77E0033A939 /* Preview Assets.xcassets */,
			);
			path = "Preview Content";
			sourceTree = "<group>";
		};
/* End PBXGroup section */

/* Begin PBXNativeTarget section */
		B8E66F1D2C84C77D0033A939 /* Roadify */ = {
			isa = PBXNativeTarget;
			buildConfigurationList = B8E66F2C2C84C77E0033A939 /* Build configuration list for PBXNativeTarget "Roadify" */;
			buildPhases = (
				B8E66F1A2C84C77D0033A939 /* Sources */,
				B8E66F1B2C84C77D0033A939 /* Frameworks */,
				B8E66F1C2C84C77D0033A939 /* Resources */,
			);
			buildRules = (
			);
			dependencies = (
			);
			name = Roadify;
			packageProductDependencies = (
				03E2376F2C8EB1B60095D755 /* FirebaseAnalytics */,
				03E237772C8F2C3F0095D755 /* FirebaseAuth */,
				03E237792C8F2C3F0095D755 /* FirebaseDatabase */,
				03E2377B2C8F2C3F0095D755 /* FirebaseFirestore */,
				03E2377D2C8F2C3F0095D755 /* FirebaseStorage */,
			);
			productName = Roadify;
			productReference = B8E66F1E2C84C77D0033A939 /* Roadify.app */;
			productType = "com.apple.product-type.application";
		};
/* End PBXNativeTarget section */

/* Begin PBXProject section */
		B8E66F162C84C77D0033A939 /* Project object */ = {
			isa = PBXProject;
			attributes = {
				BuildIndependentTargetsInParallel = 1;
				LastSwiftUpdateCheck = 1540;
				LastUpgradeCheck = 1540;
				TargetAttributes = {
					B8E66F1D2C84C77D0033A939 = {
						CreatedOnToolsVersion = 15.4;
					};
				};
			};
			buildConfigurationList = B8E66F192C84C77D0033A939 /* Build configuration list for PBXProject "Roadify" */;
			compatibilityVersion = "Xcode 14.0";
			developmentRegion = en;
			hasScannedForEncodings = 0;
			knownRegions = (
				en,
				Base,
			);
			mainGroup = B8E66F152C84C77D0033A939;
			packageReferences = (
				03E2376E2C8EB1B60095D755 /* XCRemoteSwiftPackageReference "firebase-ios-sdk" */,
			);
			productRefGroup = B8E66F1F2C84C77D0033A939 /* Products */;
			projectDirPath = "";
			projectRoot = "";
			targets = (
				B8E66F1D2C84C77D0033A939 /* Roadify */,
			);
		};
/* End PBXProject section */

/* Begin PBXResourcesBuildPhase section */
		B8E66F1C2C84C77D0033A939 /* Resources */ = {
			isa = PBXResourcesBuildPhase;
			buildActionMask = 2147483647;
			files = (
				B8E66F292C84C77E0033A939 /* Preview Assets.xcassets in Resources */,
				B8E66F262C84C77E0033A939 /* Assets.xcassets in Resources */,
				03E2376D2C8EB02E0095D755 /* GoogleService-Info.plist in Resources */,
			);
			runOnlyForDeploymentPostprocessing = 0;
		};
/* End PBXResourcesBuildPhase section */

/* Begin PBXSourcesBuildPhase section */
		B8E66F1A2C84C77D0033A939 /* Sources */ = {
			isa = PBXSourcesBuildPhase;
			buildActionMask = 2147483647;
			files = (
				0362DA512C91AF2D008ED49A /* AccountView.swift in Sources */,
				0362DA492C9193E4008ED49A /* LoginCredentials.swift in Sources */,
				0362DA452C9190F9008ED49A /* SignInView.swift in Sources */,
				0362DA4D2C919E90008ED49A /* SignUpViewModel.swift in Sources */,
				0362DA472C9192AB008ED49A /* SignInViewModel.swift in Sources */,
				03AEF1D12C8F45BB001C503E /* CRUDView.swift in Sources */,
				B8E66F242C84C77D0033A939 /* ContentView.swift in Sources */,
				0362DA542C91B1C1008ED49A /* settingsRow.swift in Sources */,
				03E2376B2C8C925D0095D755 /* FirebaseService.swift in Sources */,
				B8E66F222C84C77D0033A939 /* RoadifyApp.swift in Sources */,
				0362DA4B2C919DEF008ED49A /* SignUpView.swift in Sources */,
				03E237762C8F08430095D755 /* Marker.swift in Sources */,
				0362DA4F2C91A687008ED49A /* User.swift in Sources */,
			);
			runOnlyForDeploymentPostprocessing = 0;
		};
/* End PBXSourcesBuildPhase section */

/* Begin XCBuildConfiguration section */
		B8E66F2A2C84C77E0033A939 /* Debug */ = {
			isa = XCBuildConfiguration;
			buildSettings = {
				ALWAYS_SEARCH_USER_PATHS = NO;
				ASSETCATALOG_COMPILER_GENERATE_SWIFT_ASSET_SYMBOL_EXTENSIONS = YES;
				CLANG_ANALYZER_NONNULL = YES;
				CLANG_ANALYZER_NUMBER_OBJECT_CONVERSION = YES_AGGRESSIVE;
				CLANG_CXX_LANGUAGE_STANDARD = "gnu++20";
				CLANG_ENABLE_MODULES = YES;
				CLANG_ENABLE_OBJC_ARC = YES;
				CLANG_ENABLE_OBJC_WEAK = YES;
				CLANG_WARN_BLOCK_CAPTURE_AUTORELEASING = YES;
				CLANG_WARN_BOOL_CONVERSION = YES;
				CLANG_WARN_COMMA = YES;
				CLANG_WARN_CONSTANT_CONVERSION = YES;
				CLANG_WARN_DEPRECATED_OBJC_IMPLEMENTATIONS = YES;
				CLANG_WARN_DIRECT_OBJC_ISA_USAGE = YES_ERROR;
				CLANG_WARN_DOCUMENTATION_COMMENTS = YES;
				CLANG_WARN_EMPTY_BODY = YES;
				CLANG_WARN_ENUM_CONVERSION = YES;
				CLANG_WARN_INFINITE_RECURSION = YES;
				CLANG_WARN_INT_CONVERSION = YES;
				CLANG_WARN_NON_LITERAL_NULL_CONVERSION = YES;
				CLANG_WARN_OBJC_IMPLICIT_RETAIN_SELF = YES;
				CLANG_WARN_OBJC_LITERAL_CONVERSION = YES;
				CLANG_WARN_OBJC_ROOT_CLASS = YES_ERROR;
				CLANG_WARN_QUOTED_INCLUDE_IN_FRAMEWORK_HEADER = YES;
				CLANG_WARN_RANGE_LOOP_ANALYSIS = YES;
				CLANG_WARN_STRICT_PROTOTYPES = YES;
				CLANG_WARN_SUSPICIOUS_MOVE = YES;
				CLANG_WARN_UNGUARDED_AVAILABILITY = YES_AGGRESSIVE;
				CLANG_WARN_UNREACHABLE_CODE = YES;
				CLANG_WARN__DUPLICATE_METHOD_MATCH = YES;
				COPY_PHASE_STRIP = NO;
				DEBUG_INFORMATION_FORMAT = dwarf;
				ENABLE_STRICT_OBJC_MSGSEND = YES;
				ENABLE_TESTABILITY = YES;
				ENABLE_USER_SCRIPT_SANDBOXING = YES;
				GCC_C_LANGUAGE_STANDARD = gnu17;
				GCC_DYNAMIC_NO_PIC = NO;
				GCC_NO_COMMON_BLOCKS = YES;
				GCC_OPTIMIZATION_LEVEL = 0;
				GCC_PREPROCESSOR_DEFINITIONS = (
					"DEBUG=1",
					"$(inherited)",
				);
				GCC_WARN_64_TO_32_BIT_CONVERSION = YES;
				GCC_WARN_ABOUT_RETURN_TYPE = YES_ERROR;
				GCC_WARN_UNDECLARED_SELECTOR = YES;
				GCC_WARN_UNINITIALIZED_AUTOS = YES_AGGRESSIVE;
				GCC_WARN_UNUSED_FUNCTION = YES;
				GCC_WARN_UNUSED_VARIABLE = YES;
				IPHONEOS_DEPLOYMENT_TARGET = 17.5;
				LOCALIZATION_PREFERS_STRING_CATALOGS = YES;
				MTL_ENABLE_DEBUG_INFO = INCLUDE_SOURCE;
				MTL_FAST_MATH = YES;
				ONLY_ACTIVE_ARCH = YES;
				SDKROOT = iphoneos;
				SWIFT_ACTIVE_COMPILATION_CONDITIONS = "DEBUG $(inherited)";
				SWIFT_OPTIMIZATION_LEVEL = "-Onone";
			};
			name = Debug;
		};
		B8E66F2B2C84C77E0033A939 /* Release */ = {
			isa = XCBuildConfiguration;
			buildSettings = {
				ALWAYS_SEARCH_USER_PATHS = NO;
				ASSETCATALOG_COMPILER_GENERATE_SWIFT_ASSET_SYMBOL_EXTENSIONS = YES;
				CLANG_ANALYZER_NONNULL = YES;
				CLANG_ANALYZER_NUMBER_OBJECT_CONVERSION = YES_AGGRESSIVE;
				CLANG_CXX_LANGUAGE_STANDARD = "gnu++20";
				CLANG_ENABLE_MODULES = YES;
				CLANG_ENABLE_OBJC_ARC = YES;
				CLANG_ENABLE_OBJC_WEAK = YES;
				CLANG_WARN_BLOCK_CAPTURE_AUTORELEASING = YES;
				CLANG_WARN_BOOL_CONVERSION = YES;
				CLANG_WARN_COMMA = YES;
				CLANG_WARN_CONSTANT_CONVERSION = YES;
				CLANG_WARN_DEPRECATED_OBJC_IMPLEMENTATIONS = YES;
				CLANG_WARN_DIRECT_OBJC_ISA_USAGE = YES_ERROR;
				CLANG_WARN_DOCUMENTATION_COMMENTS = YES;
				CLANG_WARN_EMPTY_BODY = YES;
				CLANG_WARN_ENUM_CONVERSION = YES;
				CLANG_WARN_INFINITE_RECURSION = YES;
				CLANG_WARN_INT_CONVERSION = YES;
				CLANG_WARN_NON_LITERAL_NULL_CONVERSION = YES;
				CLANG_WARN_OBJC_IMPLICIT_RETAIN_SELF = YES;
				CLANG_WARN_OBJC_LITERAL_CONVERSION = YES;
				CLANG_WARN_OBJC_ROOT_CLASS = YES_ERROR;
				CLANG_WARN_QUOTED_INCLUDE_IN_FRAMEWORK_HEADER = YES;
				CLANG_WARN_RANGE_LOOP_ANALYSIS = YES;
				CLANG_WARN_STRICT_PROTOTYPES = YES;
				CLANG_WARN_SUSPICIOUS_MOVE = YES;
				CLANG_WARN_UNGUARDED_AVAILABILITY = YES_AGGRESSIVE;
				CLANG_WARN_UNREACHABLE_CODE = YES;
				CLANG_WARN__DUPLICATE_METHOD_MATCH = YES;
				COPY_PHASE_STRIP = NO;
				DEBUG_INFORMATION_FORMAT = "dwarf-with-dsym";
				ENABLE_NS_ASSERTIONS = NO;
				ENABLE_STRICT_OBJC_MSGSEND = YES;
				ENABLE_USER_SCRIPT_SANDBOXING = YES;
				GCC_C_LANGUAGE_STANDARD = gnu17;
				GCC_NO_COMMON_BLOCKS = YES;
				GCC_WARN_64_TO_32_BIT_CONVERSION = YES;
				GCC_WARN_ABOUT_RETURN_TYPE = YES_ERROR;
				GCC_WARN_UNDECLARED_SELECTOR = YES;
				GCC_WARN_UNINITIALIZED_AUTOS = YES_AGGRESSIVE;
				GCC_WARN_UNUSED_FUNCTION = YES;
				GCC_WARN_UNUSED_VARIABLE = YES;
				IPHONEOS_DEPLOYMENT_TARGET = 17.5;
				LOCALIZATION_PREFERS_STRING_CATALOGS = YES;
				MTL_ENABLE_DEBUG_INFO = NO;
				MTL_FAST_MATH = YES;
				SDKROOT = iphoneos;
				SWIFT_COMPILATION_MODE = wholemodule;
				VALIDATE_PRODUCT = YES;
			};
			name = Release;
		};
		B8E66F2D2C84C77E0033A939 /* Debug */ = {
			isa = XCBuildConfiguration;
			buildSettings = {
				ASSETCATALOG_COMPILER_APPICON_NAME = AppIcon;
				ASSETCATALOG_COMPILER_GLOBAL_ACCENT_COLOR_NAME = AccentColor;
				CODE_SIGN_STYLE = Automatic;
				CURRENT_PROJECT_VERSION = 1;
				DEVELOPMENT_ASSET_PATHS = "\"Roadify/Preview Content\"";
				DEVELOPMENT_TEAM = 8LD7T5FH2D;
				ENABLE_PREVIEWS = YES;
				GENERATE_INFOPLIST_FILE = YES;
				INFOPLIST_KEY_UIApplicationSceneManifest_Generation = YES;
				INFOPLIST_KEY_UIApplicationSupportsIndirectInputEvents = YES;
				INFOPLIST_KEY_UILaunchScreen_Generation = YES;
				INFOPLIST_KEY_UISupportedInterfaceOrientations_iPad = "UIInterfaceOrientationPortrait UIInterfaceOrientationPortraitUpsideDown UIInterfaceOrientationLandscapeLeft UIInterfaceOrientationLandscapeRight";
				INFOPLIST_KEY_UISupportedInterfaceOrientations_iPhone = "UIInterfaceOrientationPortrait UIInterfaceOrientationLandscapeLeft UIInterfaceOrientationLandscapeRight";
				LD_RUNPATH_SEARCH_PATHS = (
					"$(inherited)",
					"@executable_path/Frameworks",
				);
				MARKETING_VERSION = 1.0;
				PRODUCT_BUNDLE_IDENTIFIER = me.kys1kh6n9dau.Roadify;
				PRODUCT_NAME = "$(TARGET_NAME)";
				SWIFT_EMIT_LOC_STRINGS = YES;
				SWIFT_VERSION = 5.0;
				TARGETED_DEVICE_FAMILY = "1,2";
			};
			name = Debug;
		};
		B8E66F2E2C84C77E0033A939 /* Release */ = {
			isa = XCBuildConfiguration;
			buildSettings = {
				ASSETCATALOG_COMPILER_APPICON_NAME = AppIcon;
				ASSETCATALOG_COMPILER_GLOBAL_ACCENT_COLOR_NAME = AccentColor;
				CODE_SIGN_STYLE = Automatic;
				CURRENT_PROJECT_VERSION = 1;
				DEVELOPMENT_ASSET_PATHS = "\"Roadify/Preview Content\"";
				DEVELOPMENT_TEAM = 8LD7T5FH2D;
				ENABLE_PREVIEWS = YES;
				GENERATE_INFOPLIST_FILE = YES;
				INFOPLIST_KEY_UIApplicationSceneManifest_Generation = YES;
				INFOPLIST_KEY_UIApplicationSupportsIndirectInputEvents = YES;
				INFOPLIST_KEY_UILaunchScreen_Generation = YES;
				INFOPLIST_KEY_UISupportedInterfaceOrientations_iPad = "UIInterfaceOrientationPortrait UIInterfaceOrientationPortraitUpsideDown UIInterfaceOrientationLandscapeLeft UIInterfaceOrientationLandscapeRight";
				INFOPLIST_KEY_UISupportedInterfaceOrientations_iPhone = "UIInterfaceOrientationPortrait UIInterfaceOrientationLandscapeLeft UIInterfaceOrientationLandscapeRight";
				LD_RUNPATH_SEARCH_PATHS = (
					"$(inherited)",
					"@executable_path/Frameworks",
				);
				MARKETING_VERSION = 1.0;
				PRODUCT_BUNDLE_IDENTIFIER = me.kys1kh6n9dau.Roadify;
				PRODUCT_NAME = "$(TARGET_NAME)";
				SWIFT_EMIT_LOC_STRINGS = YES;
				SWIFT_VERSION = 5.0;
				TARGETED_DEVICE_FAMILY = "1,2";
			};
			name = Release;
		};
/* End XCBuildConfiguration section */

/* Begin XCConfigurationList section */
		B8E66F192C84C77D0033A939 /* Build configuration list for PBXProject "Roadify" */ = {
			isa = XCConfigurationList;
			buildConfigurations = (
				B8E66F2A2C84C77E0033A939 /* Debug */,
				B8E66F2B2C84C77E0033A939 /* Release */,
			);
			defaultConfigurationIsVisible = 0;
			defaultConfigurationName = Release;
		};
		B8E66F2C2C84C77E0033A939 /* Build configuration list for PBXNativeTarget "Roadify" */ = {
			isa = XCConfigurationList;
			buildConfigurations = (
				B8E66F2D2C84C77E0033A939 /* Debug */,
				B8E66F2E2C84C77E0033A939 /* Release */,
			);
			defaultConfigurationIsVisible = 0;
			defaultConfigurationName = Release;
		};
/* End XCConfigurationList section */

/* Begin XCRemoteSwiftPackageReference section */
		03E2376E2C8EB1B60095D755 /* XCRemoteSwiftPackageReference "firebase-ios-sdk" */ = {
			isa = XCRemoteSwiftPackageReference;
			repositoryURL = "https://github.com/firebase/firebase-ios-sdk";
			requirement = {
				kind = upToNextMajorVersion;
				minimumVersion = 11.1.0;
			};
		};
/* End XCRemoteSwiftPackageReference section */

/* Begin XCSwiftPackageProductDependency section */
		03E2376F2C8EB1B60095D755 /* FirebaseAnalytics */ = {
			isa = XCSwiftPackageProductDependency;
			package = 03E2376E2C8EB1B60095D755 /* XCRemoteSwiftPackageReference "firebase-ios-sdk" */;
			productName = FirebaseAnalytics;
		};
		03E237772C8F2C3F0095D755 /* FirebaseAuth */ = {
			isa = XCSwiftPackageProductDependency;
			package = 03E2376E2C8EB1B60095D755 /* XCRemoteSwiftPackageReference "firebase-ios-sdk" */;
			productName = FirebaseAuth;
		};
		03E237792C8F2C3F0095D755 /* FirebaseDatabase */ = {
			isa = XCSwiftPackageProductDependency;
			package = 03E2376E2C8EB1B60095D755 /* XCRemoteSwiftPackageReference "firebase-ios-sdk" */;
			productName = FirebaseDatabase;
		};
		03E2377B2C8F2C3F0095D755 /* FirebaseFirestore */ = {
			isa = XCSwiftPackageProductDependency;
			package = 03E2376E2C8EB1B60095D755 /* XCRemoteSwiftPackageReference "firebase-ios-sdk" */;
			productName = FirebaseFirestore;
		};
		03E2377D2C8F2C3F0095D755 /* FirebaseStorage */ = {
			isa = XCSwiftPackageProductDependency;
			package = 03E2376E2C8EB1B60095D755 /* XCRemoteSwiftPackageReference "firebase-ios-sdk" */;
			productName = FirebaseStorage;
		};
/* End XCSwiftPackageProductDependency section */
	};
	rootObject = B8E66F162C84C77D0033A939 /* Project object */;
}
